
Microsoft Visual Studio Solution File, Format Version 12.00
# Visual Studio Version 17
VisualStudioVersion = 17.3.32714.290
MinimumVisualStudioVersion = 10.0.40219.1
Project("{9A19103F-16F7-4668-BE54-9A1E7A4F7556}") = "Svg.Editor.Core", "Svg.Editor.Core\Svg.Editor.Core.csproj", "{4CF34D1C-662C-400D-BEAF-E87CE1D08FAB}"
EndProject
Project("{2150E333-8FDC-42A3-9474-1A3956D46DE8}") = "Editor", "Editor", "{E5A1A7EF-50EA-4E0A-B8A5-23D8B5819351}"
EndProject
Project("{2150E333-8FDC-42A3-9474-1A3956D46DE8}") = "Sample.Forms", "Sample.Forms", "{1A3E4166-A0D7-4A5F-8AEF-C20F24B31708}"
EndProject
Project("{FAE04EC0-301F-11D3-BF4B-00C04F79EFBC}") = "Svg.Editor.Sample.Forms.iOS", "Svg.Editor.Sample.Forms\Svg.Editor.Sample.Forms.iOS\Svg.Editor.Sample.Forms.iOS.csproj", "{F99585D5-1C22-4206-AA0E-7B08B97997B6}"
EndProject
Project("{FAE04EC0-301F-11D3-BF4B-00C04F79EFBC}") = "Sample.Forms.UWP", "Sample.Forms.UWP\Sample.Forms.UWP.csproj", "{AE1AD846-9BED-493D-9A4B-1F78BD7EE06A}"
EndProject
Project("{FAE04EC0-301F-11D3-BF4B-00C04F79EFBC}") = "Sample.Forms.Droid", "Sample.Android\Sample.Forms.Droid.csproj", "{9AD93704-ED70-45BE-8C51-8458AA7EA589}"
EndProject
Project("{FAE04EC0-301F-11D3-BF4B-00C04F79EFBC}") = "Svg.Editor.Core.Tests", "Svg.Editor.Core.Tests\Svg.Editor.Core.Tests.csproj", "{18A8F892-730A-489C-9803-BCD9E2B67E6E}"
EndProject
Project("{9A19103F-16F7-4668-BE54-9A1E7A4F7556}") = "Svg.Editor.View", "Svg.Editor.View\Svg.Editor.View.csproj", "{DA62AA7F-2F10-45AA-AD9A-EDF84DEA89CD}"
EndProject
Project("{9A19103F-16F7-4668-BE54-9A1E7A4F7556}") = "Svg.Editor.Forms", "Svg.Editor.Forms\Svg.Editor.Forms.csproj", "{F7CD7A11-869D-46F1-9572-3721D7673ACD}"
EndProject
Project("{9A19103F-16F7-4668-BE54-9A1E7A4F7556}") = "Svg.Editor.Samples.Forms", "Svg.Editor.Samples.Forms\Svg.Editor.Samples.Forms.csproj", "{6E7A45B0-9A21-4C87-A1F7-2CA5424CC473}"
EndProject
Project("{9A19103F-16F7-4668-BE54-9A1E7A4F7556}") = "Svg.Editor.Sample.App", "Svg.Editor.Sample.App\Svg.Editor.Sample.App.csproj", "{61E7F9AE-2D2B-4080-80EB-2E73E20F7D1E}"
EndProject
Project("{9A19103F-16F7-4668-BE54-9A1E7A4F7556}") = "Svg", "Svg\Svg.csproj", "{5603F55A-E869-4D15-B39D-252430B4575D}"
EndProject
Global
	GlobalSection(SolutionConfigurationPlatforms) = preSolution
		Debug|Any CPU = Debug|Any CPU
		Debug|ARM = Debug|ARM
		Debug|ARM64 = Debug|ARM64
		Debug|iPhone = Debug|iPhone
		Debug|iPhoneSimulator = Debug|iPhoneSimulator
		Debug|x64 = Debug|x64
		Debug|x86 = Debug|x86
		Release|Any CPU = Release|Any CPU
		Release|ARM = Release|ARM
		Release|ARM64 = Release|ARM64
		Release|iPhone = Release|iPhone
		Release|iPhoneSimulator = Release|iPhoneSimulator
		Release|x64 = Release|x64
		Release|x86 = Release|x86
	EndGlobalSection
	GlobalSection(ProjectConfigurationPlatforms) = postSolution
		{4CF34D1C-662C-400D-BEAF-E87CE1D08FAB}.Debug|Any CPU.ActiveCfg = Debug|Any CPU
		{4CF34D1C-662C-400D-BEAF-E87CE1D08FAB}.Debug|Any CPU.Build.0 = Debug|Any CPU
		{4CF34D1C-662C-400D-BEAF-E87CE1D08FAB}.Debug|ARM.ActiveCfg = Debug|Any CPU
		{4CF34D1C-662C-400D-BEAF-E87CE1D08FAB}.Debug|ARM.Build.0 = Debug|Any CPU
		{4CF34D1C-662C-400D-BEAF-E87CE1D08FAB}.Debug|ARM64.ActiveCfg = Debug|Any CPU
		{4CF34D1C-662C-400D-BEAF-E87CE1D08FAB}.Debug|ARM64.Build.0 = Debug|Any CPU
		{4CF34D1C-662C-400D-BEAF-E87CE1D08FAB}.Debug|iPhone.ActiveCfg = Debug|Any CPU
		{4CF34D1C-662C-400D-BEAF-E87CE1D08FAB}.Debug|iPhone.Build.0 = Debug|Any CPU
		{4CF34D1C-662C-400D-BEAF-E87CE1D08FAB}.Debug|iPhoneSimulator.ActiveCfg = Debug|Any CPU
		{4CF34D1C-662C-400D-BEAF-E87CE1D08FAB}.Debug|iPhoneSimulator.Build.0 = Debug|Any CPU
		{4CF34D1C-662C-400D-BEAF-E87CE1D08FAB}.Debug|x64.ActiveCfg = Debug|Any CPU
		{4CF34D1C-662C-400D-BEAF-E87CE1D08FAB}.Debug|x64.Build.0 = Debug|Any CPU
		{4CF34D1C-662C-400D-BEAF-E87CE1D08FAB}.Debug|x86.ActiveCfg = Debug|Any CPU
		{4CF34D1C-662C-400D-BEAF-E87CE1D08FAB}.Debug|x86.Build.0 = Debug|Any CPU
		{4CF34D1C-662C-400D-BEAF-E87CE1D08FAB}.Release|Any CPU.ActiveCfg = Release|Any CPU
		{4CF34D1C-662C-400D-BEAF-E87CE1D08FAB}.Release|Any CPU.Build.0 = Release|Any CPU
		{4CF34D1C-662C-400D-BEAF-E87CE1D08FAB}.Release|ARM.ActiveCfg = Release|Any CPU
		{4CF34D1C-662C-400D-BEAF-E87CE1D08FAB}.Release|ARM.Build.0 = Release|Any CPU
		{4CF34D1C-662C-400D-BEAF-E87CE1D08FAB}.Release|ARM64.ActiveCfg = Release|Any CPU
		{4CF34D1C-662C-400D-BEAF-E87CE1D08FAB}.Release|ARM64.Build.0 = Release|Any CPU
		{4CF34D1C-662C-400D-BEAF-E87CE1D08FAB}.Release|iPhone.ActiveCfg = Release|Any CPU
		{4CF34D1C-662C-400D-BEAF-E87CE1D08FAB}.Release|iPhone.Build.0 = Release|Any CPU
		{4CF34D1C-662C-400D-BEAF-E87CE1D08FAB}.Release|iPhoneSimulator.ActiveCfg = Release|Any CPU
		{4CF34D1C-662C-400D-BEAF-E87CE1D08FAB}.Release|iPhoneSimulator.Build.0 = Release|Any CPU
		{4CF34D1C-662C-400D-BEAF-E87CE1D08FAB}.Release|x64.ActiveCfg = Release|Any CPU
		{4CF34D1C-662C-400D-BEAF-E87CE1D08FAB}.Release|x64.Build.0 = Release|Any CPU
		{4CF34D1C-662C-400D-BEAF-E87CE1D08FAB}.Release|x86.ActiveCfg = Release|Any CPU
		{4CF34D1C-662C-400D-BEAF-E87CE1D08FAB}.Release|x86.Build.0 = Release|Any CPU
		{F99585D5-1C22-4206-AA0E-7B08B97997B6}.Debug|Any CPU.ActiveCfg = Debug|iPhone
		{F99585D5-1C22-4206-AA0E-7B08B97997B6}.Debug|Any CPU.Build.0 = Debug|iPhone
		{F99585D5-1C22-4206-AA0E-7B08B97997B6}.Debug|ARM.ActiveCfg = Debug|iPhone
		{F99585D5-1C22-4206-AA0E-7B08B97997B6}.Debug|ARM64.ActiveCfg = Debug|iPhoneSimulator
		{F99585D5-1C22-4206-AA0E-7B08B97997B6}.Debug|iPhone.ActiveCfg = Debug|iPhone
		{F99585D5-1C22-4206-AA0E-7B08B97997B6}.Debug|iPhone.Build.0 = Debug|iPhone
		{F99585D5-1C22-4206-AA0E-7B08B97997B6}.Debug|iPhoneSimulator.ActiveCfg = Debug|iPhoneSimulator
		{F99585D5-1C22-4206-AA0E-7B08B97997B6}.Debug|iPhoneSimulator.Build.0 = Debug|iPhoneSimulator
		{F99585D5-1C22-4206-AA0E-7B08B97997B6}.Debug|x64.ActiveCfg = Debug|iPhone
		{F99585D5-1C22-4206-AA0E-7B08B97997B6}.Debug|x86.ActiveCfg = Debug|iPhone
		{F99585D5-1C22-4206-AA0E-7B08B97997B6}.Release|Any CPU.ActiveCfg = Release|iPhone
		{F99585D5-1C22-4206-AA0E-7B08B97997B6}.Release|ARM.ActiveCfg = Release|iPhone
		{F99585D5-1C22-4206-AA0E-7B08B97997B6}.Release|ARM64.ActiveCfg = Release|iPhoneSimulator
		{F99585D5-1C22-4206-AA0E-7B08B97997B6}.Release|iPhone.ActiveCfg = Release|iPhone
		{F99585D5-1C22-4206-AA0E-7B08B97997B6}.Release|iPhone.Build.0 = Release|iPhone
		{F99585D5-1C22-4206-AA0E-7B08B97997B6}.Release|iPhoneSimulator.ActiveCfg = Release|iPhoneSimulator
		{F99585D5-1C22-4206-AA0E-7B08B97997B6}.Release|iPhoneSimulator.Build.0 = Release|iPhoneSimulator
		{F99585D5-1C22-4206-AA0E-7B08B97997B6}.Release|x64.ActiveCfg = Release|iPhone
		{F99585D5-1C22-4206-AA0E-7B08B97997B6}.Release|x86.ActiveCfg = Release|iPhone
		{AE1AD846-9BED-493D-9A4B-1F78BD7EE06A}.Debug|Any CPU.ActiveCfg = Debug|x86
		{AE1AD846-9BED-493D-9A4B-1F78BD7EE06A}.Debug|ARM.ActiveCfg = Debug|ARM
		{AE1AD846-9BED-493D-9A4B-1F78BD7EE06A}.Debug|ARM.Build.0 = Debug|ARM
		{AE1AD846-9BED-493D-9A4B-1F78BD7EE06A}.Debug|ARM.Deploy.0 = Debug|ARM
		{AE1AD846-9BED-493D-9A4B-1F78BD7EE06A}.Debug|ARM64.ActiveCfg = Debug|ARM64
		{AE1AD846-9BED-493D-9A4B-1F78BD7EE06A}.Debug|ARM64.Build.0 = Debug|ARM64
		{AE1AD846-9BED-493D-9A4B-1F78BD7EE06A}.Debug|ARM64.Deploy.0 = Debug|ARM64
		{AE1AD846-9BED-493D-9A4B-1F78BD7EE06A}.Debug|iPhone.ActiveCfg = Debug|x86
		{AE1AD846-9BED-493D-9A4B-1F78BD7EE06A}.Debug|iPhoneSimulator.ActiveCfg = Debug|x86
		{AE1AD846-9BED-493D-9A4B-1F78BD7EE06A}.Debug|x64.ActiveCfg = Debug|x64
		{AE1AD846-9BED-493D-9A4B-1F78BD7EE06A}.Debug|x64.Build.0 = Debug|x64
		{AE1AD846-9BED-493D-9A4B-1F78BD7EE06A}.Debug|x64.Deploy.0 = Debug|x64
		{AE1AD846-9BED-493D-9A4B-1F78BD7EE06A}.Debug|x86.ActiveCfg = Debug|x86
		{AE1AD846-9BED-493D-9A4B-1F78BD7EE06A}.Debug|x86.Build.0 = Debug|x86
		{AE1AD846-9BED-493D-9A4B-1F78BD7EE06A}.Debug|x86.Deploy.0 = Debug|x86
		{AE1AD846-9BED-493D-9A4B-1F78BD7EE06A}.Release|Any CPU.ActiveCfg = Release|x86
		{AE1AD846-9BED-493D-9A4B-1F78BD7EE06A}.Release|ARM.ActiveCfg = Release|ARM
		{AE1AD846-9BED-493D-9A4B-1F78BD7EE06A}.Release|ARM.Build.0 = Release|ARM
		{AE1AD846-9BED-493D-9A4B-1F78BD7EE06A}.Release|ARM.Deploy.0 = Release|ARM
		{AE1AD846-9BED-493D-9A4B-1F78BD7EE06A}.Release|ARM64.ActiveCfg = Release|ARM64
		{AE1AD846-9BED-493D-9A4B-1F78BD7EE06A}.Release|ARM64.Build.0 = Release|ARM64
		{AE1AD846-9BED-493D-9A4B-1F78BD7EE06A}.Release|ARM64.Deploy.0 = Release|ARM64
		{AE1AD846-9BED-493D-9A4B-1F78BD7EE06A}.Release|iPhone.ActiveCfg = Release|x86
		{AE1AD846-9BED-493D-9A4B-1F78BD7EE06A}.Release|iPhoneSimulator.ActiveCfg = Release|x86
		{AE1AD846-9BED-493D-9A4B-1F78BD7EE06A}.Release|x64.ActiveCfg = Release|x64
		{AE1AD846-9BED-493D-9A4B-1F78BD7EE06A}.Release|x64.Build.0 = Release|x64
		{AE1AD846-9BED-493D-9A4B-1F78BD7EE06A}.Release|x64.Deploy.0 = Release|x64
		{AE1AD846-9BED-493D-9A4B-1F78BD7EE06A}.Release|x86.ActiveCfg = Release|x86
		{AE1AD846-9BED-493D-9A4B-1F78BD7EE06A}.Release|x86.Build.0 = Release|x86
		{AE1AD846-9BED-493D-9A4B-1F78BD7EE06A}.Release|x86.Deploy.0 = Release|x86
		{9AD93704-ED70-45BE-8C51-8458AA7EA589}.Debug|Any CPU.ActiveCfg = Debug|Any CPU
		{9AD93704-ED70-45BE-8C51-8458AA7EA589}.Debug|Any CPU.Build.0 = Debug|Any CPU
		{9AD93704-ED70-45BE-8C51-8458AA7EA589}.Debug|Any CPU.Deploy.0 = Debug|Any CPU
		{9AD93704-ED70-45BE-8C51-8458AA7EA589}.Debug|ARM.ActiveCfg = Debug|Any CPU
		{9AD93704-ED70-45BE-8C51-8458AA7EA589}.Debug|ARM.Build.0 = Debug|Any CPU
		{9AD93704-ED70-45BE-8C51-8458AA7EA589}.Debug|ARM.Deploy.0 = Debug|Any CPU
		{9AD93704-ED70-45BE-8C51-8458AA7EA589}.Debug|ARM64.ActiveCfg = Debug|Any CPU
		{9AD93704-ED70-45BE-8C51-8458AA7EA589}.Debug|ARM64.Build.0 = Debug|Any CPU
		{9AD93704-ED70-45BE-8C51-8458AA7EA589}.Debug|ARM64.Deploy.0 = Debug|Any CPU
		{9AD93704-ED70-45BE-8C51-8458AA7EA589}.Debug|iPhone.ActiveCfg = Debug|Any CPU
		{9AD93704-ED70-45BE-8C51-8458AA7EA589}.Debug|iPhone.Build.0 = Debug|Any CPU
		{9AD93704-ED70-45BE-8C51-8458AA7EA589}.Debug|iPhone.Deploy.0 = Debug|Any CPU
		{9AD93704-ED70-45BE-8C51-8458AA7EA589}.Debug|iPhoneSimulator.ActiveCfg = Debug|Any CPU
		{9AD93704-ED70-45BE-8C51-8458AA7EA589}.Debug|iPhoneSimulator.Build.0 = Debug|Any CPU
		{9AD93704-ED70-45BE-8C51-8458AA7EA589}.Debug|iPhoneSimulator.Deploy.0 = Debug|Any CPU
		{9AD93704-ED70-45BE-8C51-8458AA7EA589}.Debug|x64.ActiveCfg = Debug|Any CPU
		{9AD93704-ED70-45BE-8C51-8458AA7EA589}.Debug|x64.Build.0 = Debug|Any CPU
		{9AD93704-ED70-45BE-8C51-8458AA7EA589}.Debug|x64.Deploy.0 = Debug|Any CPU
		{9AD93704-ED70-45BE-8C51-8458AA7EA589}.Debug|x86.ActiveCfg = Debug|Any CPU
		{9AD93704-ED70-45BE-8C51-8458AA7EA589}.Debug|x86.Build.0 = Debug|Any CPU
		{9AD93704-ED70-45BE-8C51-8458AA7EA589}.Debug|x86.Deploy.0 = Debug|Any CPU
		{9AD93704-ED70-45BE-8C51-8458AA7EA589}.Release|Any CPU.ActiveCfg = Release|Any CPU
		{9AD93704-ED70-45BE-8C51-8458AA7EA589}.Release|ARM.ActiveCfg = Release|Any CPU
		{9AD93704-ED70-45BE-8C51-8458AA7EA589}.Release|ARM.Build.0 = Release|Any CPU
		{9AD93704-ED70-45BE-8C51-8458AA7EA589}.Release|ARM.Deploy.0 = Release|Any CPU
		{9AD93704-ED70-45BE-8C51-8458AA7EA589}.Release|ARM64.ActiveCfg = Release|Any CPU
		{9AD93704-ED70-45BE-8C51-8458AA7EA589}.Release|ARM64.Build.0 = Release|Any CPU
		{9AD93704-ED70-45BE-8C51-8458AA7EA589}.Release|ARM64.Deploy.0 = Release|Any CPU
		{9AD93704-ED70-45BE-8C51-8458AA7EA589}.Release|iPhone.ActiveCfg = Release|Any CPU
		{9AD93704-ED70-45BE-8C51-8458AA7EA589}.Release|iPhone.Build.0 = Release|Any CPU
		{9AD93704-ED70-45BE-8C51-8458AA7EA589}.Release|iPhone.Deploy.0 = Release|Any CPU
		{9AD93704-ED70-45BE-8C51-8458AA7EA589}.Release|iPhoneSimulator.ActiveCfg = Release|Any CPU
		{9AD93704-ED70-45BE-8C51-8458AA7EA589}.Release|iPhoneSimulator.Build.0 = Release|Any CPU
		{9AD93704-ED70-45BE-8C51-8458AA7EA589}.Release|iPhoneSimulator.Deploy.0 = Release|Any CPU
		{9AD93704-ED70-45BE-8C51-8458AA7EA589}.Release|x64.ActiveCfg = Release|Any CPU
		{9AD93704-ED70-45BE-8C51-8458AA7EA589}.Release|x64.Build.0 = Release|Any CPU
		{9AD93704-ED70-45BE-8C51-8458AA7EA589}.Release|x64.Deploy.0 = Release|Any CPU
		{9AD93704-ED70-45BE-8C51-8458AA7EA589}.Release|x86.ActiveCfg = Release|Any CPU
		{9AD93704-ED70-45BE-8C51-8458AA7EA589}.Release|x86.Build.0 = Release|Any CPU
		{9AD93704-ED70-45BE-8C51-8458AA7EA589}.Release|x86.Deploy.0 = Release|Any CPU
		{18A8F892-730A-489C-9803-BCD9E2B67E6E}.Debug|Any CPU.ActiveCfg = Debug|x86
		{18A8F892-730A-489C-9803-BCD9E2B67E6E}.Debug|Any CPU.Build.0 = Debug|x86
		{18A8F892-730A-489C-9803-BCD9E2B67E6E}.Debug|ARM.ActiveCfg = Debug|x86
		{18A8F892-730A-489C-9803-BCD9E2B67E6E}.Debug|ARM.Build.0 = Debug|x86
		{18A8F892-730A-489C-9803-BCD9E2B67E6E}.Debug|ARM64.ActiveCfg = Debug|Any CPU
		{18A8F892-730A-489C-9803-BCD9E2B67E6E}.Debug|ARM64.Build.0 = Debug|Any CPU
		{18A8F892-730A-489C-9803-BCD9E2B67E6E}.Debug|iPhone.ActiveCfg = Debug|x86
		{18A8F892-730A-489C-9803-BCD9E2B67E6E}.Debug|iPhone.Build.0 = Debug|x86
		{18A8F892-730A-489C-9803-BCD9E2B67E6E}.Debug|iPhoneSimulator.ActiveCfg = Debug|x86
		{18A8F892-730A-489C-9803-BCD9E2B67E6E}.Debug|iPhoneSimulator.Build.0 = Debug|x86
		{18A8F892-730A-489C-9803-BCD9E2B67E6E}.Debug|x64.ActiveCfg = Debug|x86
		{18A8F892-730A-489C-9803-BCD9E2B67E6E}.Debug|x64.Build.0 = Debug|x86
		{18A8F892-730A-489C-9803-BCD9E2B67E6E}.Debug|x86.ActiveCfg = Debug|x86
		{18A8F892-730A-489C-9803-BCD9E2B67E6E}.Debug|x86.Build.0 = Debug|x86
		{18A8F892-730A-489C-9803-BCD9E2B67E6E}.Release|Any CPU.ActiveCfg = Release|Any CPU
		{18A8F892-730A-489C-9803-BCD9E2B67E6E}.Release|Any CPU.Build.0 = Release|Any CPU
		{18A8F892-730A-489C-9803-BCD9E2B67E6E}.Release|ARM.ActiveCfg = Release|Any CPU
		{18A8F892-730A-489C-9803-BCD9E2B67E6E}.Release|ARM.Build.0 = Release|Any CPU
		{18A8F892-730A-489C-9803-BCD9E2B67E6E}.Release|ARM64.ActiveCfg = Release|Any CPU
		{18A8F892-730A-489C-9803-BCD9E2B67E6E}.Release|ARM64.Build.0 = Release|Any CPU
		{18A8F892-730A-489C-9803-BCD9E2B67E6E}.Release|iPhone.ActiveCfg = Release|Any CPU
		{18A8F892-730A-489C-9803-BCD9E2B67E6E}.Release|iPhone.Build.0 = Release|Any CPU
		{18A8F892-730A-489C-9803-BCD9E2B67E6E}.Release|iPhoneSimulator.ActiveCfg = Release|Any CPU
		{18A8F892-730A-489C-9803-BCD9E2B67E6E}.Release|iPhoneSimulator.Build.0 = Release|Any CPU
		{18A8F892-730A-489C-9803-BCD9E2B67E6E}.Release|x64.ActiveCfg = Release|Any CPU
		{18A8F892-730A-489C-9803-BCD9E2B67E6E}.Release|x64.Build.0 = Release|Any CPU
		{18A8F892-730A-489C-9803-BCD9E2B67E6E}.Release|x86.ActiveCfg = Release|Any CPU
		{18A8F892-730A-489C-9803-BCD9E2B67E6E}.Release|x86.Build.0 = Release|Any CPU
		{DA62AA7F-2F10-45AA-AD9A-EDF84DEA89CD}.Debug|Any CPU.ActiveCfg = Debug|Any CPU
		{DA62AA7F-2F10-45AA-AD9A-EDF84DEA89CD}.Debug|Any CPU.Build.0 = Debug|Any CPU
		{DA62AA7F-2F10-45AA-AD9A-EDF84DEA89CD}.Debug|ARM.ActiveCfg = Debug|Any CPU
		{DA62AA7F-2F10-45AA-AD9A-EDF84DEA89CD}.Debug|ARM.Build.0 = Debug|Any CPU
		{DA62AA7F-2F10-45AA-AD9A-EDF84DEA89CD}.Debug|ARM64.ActiveCfg = Debug|Any CPU
		{DA62AA7F-2F10-45AA-AD9A-EDF84DEA89CD}.Debug|ARM64.Build.0 = Debug|Any CPU
		{DA62AA7F-2F10-45AA-AD9A-EDF84DEA89CD}.Debug|iPhone.ActiveCfg = Debug|Any CPU
		{DA62AA7F-2F10-45AA-AD9A-EDF84DEA89CD}.Debug|iPhone.Build.0 = Debug|Any CPU
		{DA62AA7F-2F10-45AA-AD9A-EDF84DEA89CD}.Debug|iPhoneSimulator.ActiveCfg = Debug|Any CPU
		{DA62AA7F-2F10-45AA-AD9A-EDF84DEA89CD}.Debug|iPhoneSimulator.Build.0 = Debug|Any CPU
		{DA62AA7F-2F10-45AA-AD9A-EDF84DEA89CD}.Debug|x64.ActiveCfg = Debug|Any CPU
		{DA62AA7F-2F10-45AA-AD9A-EDF84DEA89CD}.Debug|x64.Build.0 = Debug|Any CPU
		{DA62AA7F-2F10-45AA-AD9A-EDF84DEA89CD}.Debug|x86.ActiveCfg = Debug|Any CPU
		{DA62AA7F-2F10-45AA-AD9A-EDF84DEA89CD}.Debug|x86.Build.0 = Debug|Any CPU
		{DA62AA7F-2F10-45AA-AD9A-EDF84DEA89CD}.Release|Any CPU.ActiveCfg = Release|Any CPU
		{DA62AA7F-2F10-45AA-AD9A-EDF84DEA89CD}.Release|Any CPU.Build.0 = Release|Any CPU
		{DA62AA7F-2F10-45AA-AD9A-EDF84DEA89CD}.Release|ARM.ActiveCfg = Release|Any CPU
		{DA62AA7F-2F10-45AA-AD9A-EDF84DEA89CD}.Release|ARM.Build.0 = Release|Any CPU
		{DA62AA7F-2F10-45AA-AD9A-EDF84DEA89CD}.Release|ARM64.ActiveCfg = Release|Any CPU
		{DA62AA7F-2F10-45AA-AD9A-EDF84DEA89CD}.Release|ARM64.Build.0 = Release|Any CPU
		{DA62AA7F-2F10-45AA-AD9A-EDF84DEA89CD}.Release|iPhone.ActiveCfg = Release|Any CPU
		{DA62AA7F-2F10-45AA-AD9A-EDF84DEA89CD}.Release|iPhone.Build.0 = Release|Any CPU
		{DA62AA7F-2F10-45AA-AD9A-EDF84DEA89CD}.Release|iPhoneSimulator.ActiveCfg = Release|Any CPU
		{DA62AA7F-2F10-45AA-AD9A-EDF84DEA89CD}.Release|iPhoneSimulator.Build.0 = Release|Any CPU
		{DA62AA7F-2F10-45AA-AD9A-EDF84DEA89CD}.Release|x64.ActiveCfg = Release|Any CPU
		{DA62AA7F-2F10-45AA-AD9A-EDF84DEA89CD}.Release|x64.Build.0 = Release|Any CPU
		{DA62AA7F-2F10-45AA-AD9A-EDF84DEA89CD}.Release|x86.ActiveCfg = Release|Any CPU
		{DA62AA7F-2F10-45AA-AD9A-EDF84DEA89CD}.Release|x86.Build.0 = Release|Any CPU
		{F7CD7A11-869D-46F1-9572-3721D7673ACD}.Debug|Any CPU.ActiveCfg = Debug|Any CPU
		{F7CD7A11-869D-46F1-9572-3721D7673ACD}.Debug|Any CPU.Build.0 = Debug|Any CPU
		{F7CD7A11-869D-46F1-9572-3721D7673ACD}.Debug|ARM.ActiveCfg = Debug|Any CPU
		{F7CD7A11-869D-46F1-9572-3721D7673ACD}.Debug|ARM.Build.0 = Debug|Any CPU
		{F7CD7A11-869D-46F1-9572-3721D7673ACD}.Debug|ARM64.ActiveCfg = Debug|Any CPU
		{F7CD7A11-869D-46F1-9572-3721D7673ACD}.Debug|ARM64.Build.0 = Debug|Any CPU
		{F7CD7A11-869D-46F1-9572-3721D7673ACD}.Debug|iPhone.ActiveCfg = Debug|Any CPU
		{F7CD7A11-869D-46F1-9572-3721D7673ACD}.Debug|iPhone.Build.0 = Debug|Any CPU
		{F7CD7A11-869D-46F1-9572-3721D7673ACD}.Debug|iPhoneSimulator.ActiveCfg = Debug|Any CPU
		{F7CD7A11-869D-46F1-9572-3721D7673ACD}.Debug|iPhoneSimulator.Build.0 = Debug|Any CPU
		{F7CD7A11-869D-46F1-9572-3721D7673ACD}.Debug|x64.ActiveCfg = Debug|Any CPU
		{F7CD7A11-869D-46F1-9572-3721D7673ACD}.Debug|x64.Build.0 = Debug|Any CPU
		{F7CD7A11-869D-46F1-9572-3721D7673ACD}.Debug|x86.ActiveCfg = Debug|Any CPU
		{F7CD7A11-869D-46F1-9572-3721D7673ACD}.Debug|x86.Build.0 = Debug|Any CPU
		{F7CD7A11-869D-46F1-9572-3721D7673ACD}.Release|Any CPU.ActiveCfg = Release|Any CPU
		{F7CD7A11-869D-46F1-9572-3721D7673ACD}.Release|Any CPU.Build.0 = Release|Any CPU
		{F7CD7A11-869D-46F1-9572-3721D7673ACD}.Release|ARM.ActiveCfg = Release|Any CPU
		{F7CD7A11-869D-46F1-9572-3721D7673ACD}.Release|ARM.Build.0 = Release|Any CPU
		{F7CD7A11-869D-46F1-9572-3721D7673ACD}.Release|ARM64.ActiveCfg = Release|Any CPU
		{F7CD7A11-869D-46F1-9572-3721D7673ACD}.Release|ARM64.Build.0 = Release|Any CPU
		{F7CD7A11-869D-46F1-9572-3721D7673ACD}.Release|iPhone.ActiveCfg = Release|Any CPU
		{F7CD7A11-869D-46F1-9572-3721D7673ACD}.Release|iPhone.Build.0 = Release|Any CPU
		{F7CD7A11-869D-46F1-9572-3721D7673ACD}.Release|iPhoneSimulator.ActiveCfg = Release|Any CPU
		{F7CD7A11-869D-46F1-9572-3721D7673ACD}.Release|iPhoneSimulator.Build.0 = Release|Any CPU
		{F7CD7A11-869D-46F1-9572-3721D7673ACD}.Release|x64.ActiveCfg = Release|Any CPU
		{F7CD7A11-869D-46F1-9572-3721D7673ACD}.Release|x64.Build.0 = Release|Any CPU
		{F7CD7A11-869D-46F1-9572-3721D7673ACD}.Release|x86.ActiveCfg = Release|Any CPU
		{F7CD7A11-869D-46F1-9572-3721D7673ACD}.Release|x86.Build.0 = Release|Any CPU
		{6E7A45B0-9A21-4C87-A1F7-2CA5424CC473}.Debug|Any CPU.ActiveCfg = Debug|Any CPU
		{6E7A45B0-9A21-4C87-A1F7-2CA5424CC473}.Debug|Any CPU.Build.0 = Debug|Any CPU
		{6E7A45B0-9A21-4C87-A1F7-2CA5424CC473}.Debug|ARM.ActiveCfg = Debug|Any CPU
		{6E7A45B0-9A21-4C87-A1F7-2CA5424CC473}.Debug|ARM.Build.0 = Debug|Any CPU
		{6E7A45B0-9A21-4C87-A1F7-2CA5424CC473}.Debug|ARM64.ActiveCfg = Debug|Any CPU
		{6E7A45B0-9A21-4C87-A1F7-2CA5424CC473}.Debug|ARM64.Build.0 = Debug|Any CPU
		{6E7A45B0-9A21-4C87-A1F7-2CA5424CC473}.Debug|iPhone.ActiveCfg = Debug|Any CPU
		{6E7A45B0-9A21-4C87-A1F7-2CA5424CC473}.Debug|iPhone.Build.0 = Debug|Any CPU
		{6E7A45B0-9A21-4C87-A1F7-2CA5424CC473}.Debug|iPhoneSimulator.ActiveCfg = Debug|Any CPU
		{6E7A45B0-9A21-4C87-A1F7-2CA5424CC473}.Debug|iPhoneSimulator.Build.0 = Debug|Any CPU
		{6E7A45B0-9A21-4C87-A1F7-2CA5424CC473}.Debug|x64.ActiveCfg = Debug|Any CPU
		{6E7A45B0-9A21-4C87-A1F7-2CA5424CC473}.Debug|x64.Build.0 = Debug|Any CPU
		{6E7A45B0-9A21-4C87-A1F7-2CA5424CC473}.Debug|x86.ActiveCfg = Debug|Any CPU
		{6E7A45B0-9A21-4C87-A1F7-2CA5424CC473}.Debug|x86.Build.0 = Debug|Any CPU
		{6E7A45B0-9A21-4C87-A1F7-2CA5424CC473}.Release|Any CPU.ActiveCfg = Release|Any CPU
		{6E7A45B0-9A21-4C87-A1F7-2CA5424CC473}.Release|Any CPU.Build.0 = Release|Any CPU
		{6E7A45B0-9A21-4C87-A1F7-2CA5424CC473}.Release|ARM.ActiveCfg = Release|Any CPU
		{6E7A45B0-9A21-4C87-A1F7-2CA5424CC473}.Release|ARM.Build.0 = Release|Any CPU
		{6E7A45B0-9A21-4C87-A1F7-2CA5424CC473}.Release|ARM64.ActiveCfg = Release|Any CPU
		{6E7A45B0-9A21-4C87-A1F7-2CA5424CC473}.Release|ARM64.Build.0 = Release|Any CPU
		{6E7A45B0-9A21-4C87-A1F7-2CA5424CC473}.Release|iPhone.ActiveCfg = Release|Any CPU
		{6E7A45B0-9A21-4C87-A1F7-2CA5424CC473}.Release|iPhone.Build.0 = Release|Any CPU
		{6E7A45B0-9A21-4C87-A1F7-2CA5424CC473}.Release|iPhoneSimulator.ActiveCfg = Release|Any CPU
		{6E7A45B0-9A21-4C87-A1F7-2CA5424CC473}.Release|iPhoneSimulator.Build.0 = Release|Any CPU
		{6E7A45B0-9A21-4C87-A1F7-2CA5424CC473}.Release|x64.ActiveCfg = Release|Any CPU
		{6E7A45B0-9A21-4C87-A1F7-2CA5424CC473}.Release|x64.Build.0 = Release|Any CPU
		{6E7A45B0-9A21-4C87-A1F7-2CA5424CC473}.Release|x86.ActiveCfg = Release|Any CPU
		{6E7A45B0-9A21-4C87-A1F7-2CA5424CC473}.Release|x86.Build.0 = Release|Any CPU
		{61E7F9AE-2D2B-4080-80EB-2E73E20F7D1E}.Debug|Any CPU.ActiveCfg = Debug|Any CPU
		{61E7F9AE-2D2B-4080-80EB-2E73E20F7D1E}.Debug|Any CPU.Build.0 = Debug|Any CPU
		{61E7F9AE-2D2B-4080-80EB-2E73E20F7D1E}.Debug|Any CPU.Deploy.0 = Debug|Any CPU
		{61E7F9AE-2D2B-4080-80EB-2E73E20F7D1E}.Debug|ARM.ActiveCfg = Debug|Any CPU
		{61E7F9AE-2D2B-4080-80EB-2E73E20F7D1E}.Debug|ARM.Build.0 = Debug|Any CPU
		{61E7F9AE-2D2B-4080-80EB-2E73E20F7D1E}.Debug|ARM.Deploy.0 = Debug|Any CPU
		{61E7F9AE-2D2B-4080-80EB-2E73E20F7D1E}.Debug|ARM64.ActiveCfg = Debug|Any CPU
		{61E7F9AE-2D2B-4080-80EB-2E73E20F7D1E}.Debug|ARM64.Build.0 = Debug|Any CPU
		{61E7F9AE-2D2B-4080-80EB-2E73E20F7D1E}.Debug|ARM64.Deploy.0 = Debug|Any CPU
		{61E7F9AE-2D2B-4080-80EB-2E73E20F7D1E}.Debug|iPhone.ActiveCfg = Debug|Any CPU
		{61E7F9AE-2D2B-4080-80EB-2E73E20F7D1E}.Debug|iPhone.Build.0 = Debug|Any CPU
		{61E7F9AE-2D2B-4080-80EB-2E73E20F7D1E}.Debug|iPhone.Deploy.0 = Debug|Any CPU
		{61E7F9AE-2D2B-4080-80EB-2E73E20F7D1E}.Debug|iPhoneSimulator.ActiveCfg = Debug|Any CPU
		{61E7F9AE-2D2B-4080-80EB-2E73E20F7D1E}.Debug|iPhoneSimulator.Build.0 = Debug|Any CPU
		{61E7F9AE-2D2B-4080-80EB-2E73E20F7D1E}.Debug|iPhoneSimulator.Deploy.0 = Debug|Any CPU
		{61E7F9AE-2D2B-4080-80EB-2E73E20F7D1E}.Debug|x64.ActiveCfg = Debug|Any CPU
		{61E7F9AE-2D2B-4080-80EB-2E73E20F7D1E}.Debug|x64.Build.0 = Debug|Any CPU
		{61E7F9AE-2D2B-4080-80EB-2E73E20F7D1E}.Debug|x64.Deploy.0 = Debug|Any CPU
		{61E7F9AE-2D2B-4080-80EB-2E73E20F7D1E}.Debug|x86.ActiveCfg = Debug|Any CPU
		{61E7F9AE-2D2B-4080-80EB-2E73E20F7D1E}.Debug|x86.Build.0 = Debug|Any CPU
		{61E7F9AE-2D2B-4080-80EB-2E73E20F7D1E}.Debug|x86.Deploy.0 = Debug|Any CPU
		{61E7F9AE-2D2B-4080-80EB-2E73E20F7D1E}.Release|Any CPU.ActiveCfg = Release|Any CPU
		{61E7F9AE-2D2B-4080-80EB-2E73E20F7D1E}.Release|Any CPU.Build.0 = Release|Any CPU
		{61E7F9AE-2D2B-4080-80EB-2E73E20F7D1E}.Release|Any CPU.Deploy.0 = Release|Any CPU
		{61E7F9AE-2D2B-4080-80EB-2E73E20F7D1E}.Release|ARM.ActiveCfg = Release|Any CPU
		{61E7F9AE-2D2B-4080-80EB-2E73E20F7D1E}.Release|ARM.Build.0 = Release|Any CPU
		{61E7F9AE-2D2B-4080-80EB-2E73E20F7D1E}.Release|ARM.Deploy.0 = Release|Any CPU
		{61E7F9AE-2D2B-4080-80EB-2E73E20F7D1E}.Release|ARM64.ActiveCfg = Release|Any CPU
		{61E7F9AE-2D2B-4080-80EB-2E73E20F7D1E}.Release|ARM64.Build.0 = Release|Any CPU
		{61E7F9AE-2D2B-4080-80EB-2E73E20F7D1E}.Release|ARM64.Deploy.0 = Release|Any CPU
		{61E7F9AE-2D2B-4080-80EB-2E73E20F7D1E}.Release|iPhone.ActiveCfg = Release|Any CPU
		{61E7F9AE-2D2B-4080-80EB-2E73E20F7D1E}.Release|iPhone.Build.0 = Release|Any CPU
		{61E7F9AE-2D2B-4080-80EB-2E73E20F7D1E}.Release|iPhone.Deploy.0 = Release|Any CPU
		{61E7F9AE-2D2B-4080-80EB-2E73E20F7D1E}.Release|iPhoneSimulator.ActiveCfg = Release|Any CPU
		{61E7F9AE-2D2B-4080-80EB-2E73E20F7D1E}.Release|iPhoneSimulator.Build.0 = Release|Any CPU
		{61E7F9AE-2D2B-4080-80EB-2E73E20F7D1E}.Release|iPhoneSimulator.Deploy.0 = Release|Any CPU
		{61E7F9AE-2D2B-4080-80EB-2E73E20F7D1E}.Release|x64.ActiveCfg = Release|Any CPU
		{61E7F9AE-2D2B-4080-80EB-2E73E20F7D1E}.Release|x64.Build.0 = Release|Any CPU
		{61E7F9AE-2D2B-4080-80EB-2E73E20F7D1E}.Release|x64.Deploy.0 = Release|Any CPU
		{61E7F9AE-2D2B-4080-80EB-2E73E20F7D1E}.Release|x86.ActiveCfg = Release|Any CPU
		{61E7F9AE-2D2B-4080-80EB-2E73E20F7D1E}.Release|x86.Build.0 = Release|Any CPU
		{61E7F9AE-2D2B-4080-80EB-2E73E20F7D1E}.Release|x86.Deploy.0 = Release|Any CPU
		{5603F55A-E869-4D15-B39D-252430B4575D}.Debug|Any CPU.ActiveCfg = Debug|Any CPU
		{5603F55A-E869-4D15-B39D-252430B4575D}.Debug|Any CPU.Build.0 = Debug|Any CPU
		{5603F55A-E869-4D15-B39D-252430B4575D}.Debug|ARM.ActiveCfg = Debug|Any CPU
		{5603F55A-E869-4D15-B39D-252430B4575D}.Debug|ARM.Build.0 = Debug|Any CPU
		{5603F55A-E869-4D15-B39D-252430B4575D}.Debug|ARM64.ActiveCfg = Debug|Any CPU
		{5603F55A-E869-4D15-B39D-252430B4575D}.Debug|ARM64.Build.0 = Debug|Any CPU
		{5603F55A-E869-4D15-B39D-252430B4575D}.Debug|iPhone.ActiveCfg = Debug|Any CPU
		{5603F55A-E869-4D15-B39D-252430B4575D}.Debug|iPhone.Build.0 = Debug|Any CPU
		{5603F55A-E869-4D15-B39D-252430B4575D}.Debug|iPhoneSimulator.ActiveCfg = Debug|Any CPU
		{5603F55A-E869-4D15-B39D-252430B4575D}.Debug|iPhoneSimulator.Build.0 = Debug|Any CPU
		{5603F55A-E869-4D15-B39D-252430B4575D}.Debug|x64.ActiveCfg = Debug|Any CPU
		{5603F55A-E869-4D15-B39D-252430B4575D}.Debug|x64.Build.0 = Debug|Any CPU
		{5603F55A-E869-4D15-B39D-252430B4575D}.Debug|x86.ActiveCfg = Debug|Any CPU
		{5603F55A-E869-4D15-B39D-252430B4575D}.Debug|x86.Build.0 = Debug|Any CPU
		{5603F55A-E869-4D15-B39D-252430B4575D}.Release|Any CPU.ActiveCfg = Release|Any CPU
		{5603F55A-E869-4D15-B39D-252430B4575D}.Release|Any CPU.Build.0 = Release|Any CPU
		{5603F55A-E869-4D15-B39D-252430B4575D}.Release|ARM.ActiveCfg = Release|Any CPU
		{5603F55A-E869-4D15-B39D-252430B4575D}.Release|ARM.Build.0 = Release|Any CPU
		{5603F55A-E869-4D15-B39D-252430B4575D}.Release|ARM64.ActiveCfg = Release|Any CPU
		{5603F55A-E869-4D15-B39D-252430B4575D}.Release|ARM64.Build.0 = Release|Any CPU
		{5603F55A-E869-4D15-B39D-252430B4575D}.Release|iPhone.ActiveCfg = Release|Any CPU
		{5603F55A-E869-4D15-B39D-252430B4575D}.Release|iPhone.Build.0 = Release|Any CPU
		{5603F55A-E869-4D15-B39D-252430B4575D}.Release|iPhoneSimulator.ActiveCfg = Release|Any CPU
		{5603F55A-E869-4D15-B39D-252430B4575D}.Release|iPhoneSimulator.Build.0 = Release|Any CPU
		{5603F55A-E869-4D15-B39D-252430B4575D}.Release|x64.ActiveCfg = Release|Any CPU
		{5603F55A-E869-4D15-B39D-252430B4575D}.Release|x64.Build.0 = Release|Any CPU
		{5603F55A-E869-4D15-B39D-252430B4575D}.Release|x86.ActiveCfg = Release|Any CPU
		{5603F55A-E869-4D15-B39D-252430B4575D}.Release|x86.Build.0 = Release|Any CPU
	EndGlobalSection
	GlobalSection(SolutionProperties) = preSolution
		HideSolutionNode = FALSE
	EndGlobalSection
	GlobalSection(NestedProjects) = preSolution
		{4CF34D1C-662C-400D-BEAF-E87CE1D08FAB} = {E5A1A7EF-50EA-4E0A-B8A5-23D8B5819351}
		{F99585D5-1C22-4206-AA0E-7B08B97997B6} = {1A3E4166-A0D7-4A5F-8AEF-C20F24B31708}
		{AE1AD846-9BED-493D-9A4B-1F78BD7EE06A} = {1A3E4166-A0D7-4A5F-8AEF-C20F24B31708}
		{9AD93704-ED70-45BE-8C51-8458AA7EA589} = {1A3E4166-A0D7-4A5F-8AEF-C20F24B31708}
		{18A8F892-730A-489C-9803-BCD9E2B67E6E} = {E5A1A7EF-50EA-4E0A-B8A5-23D8B5819351}
		{DA62AA7F-2F10-45AA-AD9A-EDF84DEA89CD} = {E5A1A7EF-50EA-4E0A-B8A5-23D8B5819351}
		{F7CD7A11-869D-46F1-9572-3721D7673ACD} = {E5A1A7EF-50EA-4E0A-B8A5-23D8B5819351}
		{6E7A45B0-9A21-4C87-A1F7-2CA5424CC473} = {1A3E4166-A0D7-4A5F-8AEF-C20F24B31708}
		{61E7F9AE-2D2B-4080-80EB-2E73E20F7D1E} = {1A3E4166-A0D7-4A5F-8AEF-C20F24B31708}
	EndGlobalSection
	GlobalSection(ExtensibilityGlobals) = postSolution
		SolutionGuid = {75C1D8ED-2B9F-45BD-A6F9-97ECCF9FB3A6}
	EndGlobalSection
EndGlobal
