
Microsoft Visual Studio Solution File, Format Version 12.00
# Visual Studio Version 17
VisualStudioVersion = 17.13.35931.197 d17.13
MinimumVisualStudioVersion = 10.0.40219.1
Project("{FAE04EC0-301F-11D3-BF4B-00C04F79EFBC}") = "SvgW3CTestRunner.Droid", "Tests\SvgW3CTestRunner.Droid\SvgW3CTestRunner.Droid.csproj", "{1BC7BB63-4658-421D-8776-2F94F33186F8}"
EndProject
Project("{FAE04EC0-301F-11D3-BF4B-00C04F79EFBC}") = "SvgW3CTestSuite.Droid", "Tests\SvgW3CTestSuite.Droid\SvgW3CTestSuite.Droid.csproj", "{6B3FA1E4-09A3-48C0-9FD6-3EDEE3965400}"
EndProject
Project("{2150E333-8FDC-42A3-9474-1A3956D46DE8}") = "Libs", "Libs", "{88A8760B-A830-4EF1-A4C0-4957F2365FA9}"
EndProject
Project("{2150E333-8FDC-42A3-9474-1A3956D46DE8}") = "Tests", "Tests", "{2CE3355A-1A9F-4DAF-8797-25D70D26D9DB}"
EndProject
Project("{2150E333-8FDC-42A3-9474-1A3956D46DE8}") = "W3CTests", "W3CTests", "{BC1B2A3E-7C7C-4E9A-9238-504CDF459385}"
EndProject
Project("{D954291E-2A0B-460D-934E-DC6B0785DB48}") = "Svg.Tests", "Svg.Tests\Svg.Tests.shproj", "{92BCE9D4-6968-4533-9785-A240EE123FAA}"
EndProject
Project("{FAE04EC0-301F-11D3-BF4B-00C04F79EFBC}") = "Svg.Tests.Win", "Svg.Tests.Win\Svg.Tests.Win.csproj", "{ED6AB6FC-AD44-4DFA-AFC4-B0F127B87D5E}"
EndProject
Project("{D954291E-2A0B-460D-934E-DC6B0785DB48}") = "SvgW3CTestSuite.Shared", "SvgW3CTestSuite.Shared\SvgW3CTestSuite.Shared.shproj", "{21CFFA29-3D29-43E6-8C7B-47F17A900BA6}"
EndProject
Project("{FAE04EC0-301F-11D3-BF4B-00C04F79EFBC}") = "SvgW3CTestSuite.iOS", "SvgW3CTestSuite.iOS\SvgW3CTestSuite.iOS.csproj", "{8A16ADA1-BD9C-4898-9847-67D7667EC0E0}"
EndProject
Project("{FAE04EC0-301F-11D3-BF4B-00C04F79EFBC}") = "SvgW3CTestSuite.Assets", "SvgW3CTestSuite.Assets\SvgW3CTestSuite.Assets.csproj", "{0167BE14-CABE-48DD-A530-2B93F834F601}"
EndProject
Project("{FAE04EC0-301F-11D3-BF4B-00C04F79EFBC}") = "SvgW3CTestSuite.UWP", "SvgW3CTestSuite.UWP\SvgW3CTestSuite.UWP.csproj", "{5CE05F06-CF75-401C-878F-6288655E851C}"
EndProject
Project("{FAE04EC0-301F-11D3-BF4B-00C04F79EFBC}") = "SvgW3CTestSuite.Win", "SvgW3CTestSuite.Win\SvgW3CTestSuite.Win.csproj", "{4BDA58A2-2A71-47BC-BE7B-F27D3A2C7913}"
EndProject
Project("{FAE04EC0-301F-11D3-BF4B-00C04F79EFBC}") = "Svg.Tests.UWP", "Svg.Tests.UWP\Svg.Tests.UWP.csproj", "{4C11F294-FC1B-4FA7-8C27-F04F578F5D04}"
EndProject
Project("{9A19103F-16F7-4668-BE54-9A1E7A4F7556}") = "Svg", "Svg\Svg.csproj", "{C4DD05D5-AD71-4D37-89E5-0C2ABFA6D77E}"
EndProject
Global
	GlobalSection(SolutionConfigurationPlatforms) = preSolution
		Debug|Any CPU = Debug|Any CPU
		Debug|ARM = Debug|ARM
		Debug|iPhone = Debug|iPhone
		Debug|iPhoneSimulator = Debug|iPhoneSimulator
		Debug|x64 = Debug|x64
		Debug|x86 = Debug|x86
		Release|Any CPU = Release|Any CPU
		Release|ARM = Release|ARM
		Release|iPhone = Release|iPhone
		Release|iPhoneSimulator = Release|iPhoneSimulator
		Release|x64 = Release|x64
		Release|x86 = Release|x86
	EndGlobalSection
	GlobalSection(ProjectConfigurationPlatforms) = postSolution
		{1BC7BB63-4658-421D-8776-2F94F33186F8}.Debug|Any CPU.ActiveCfg = Debug|Any CPU
		{1BC7BB63-4658-421D-8776-2F94F33186F8}.Debug|Any CPU.Build.0 = Debug|Any CPU
		{1BC7BB63-4658-421D-8776-2F94F33186F8}.Debug|Any CPU.Deploy.0 = Debug|Any CPU
		{1BC7BB63-4658-421D-8776-2F94F33186F8}.Debug|ARM.ActiveCfg = Debug|Any CPU
		{1BC7BB63-4658-421D-8776-2F94F33186F8}.Debug|ARM.Build.0 = Debug|Any CPU
		{1BC7BB63-4658-421D-8776-2F94F33186F8}.Debug|ARM.Deploy.0 = Debug|Any CPU
		{1BC7BB63-4658-421D-8776-2F94F33186F8}.Debug|iPhone.ActiveCfg = Debug|Any CPU
		{1BC7BB63-4658-421D-8776-2F94F33186F8}.Debug|iPhone.Build.0 = Debug|Any CPU
		{1BC7BB63-4658-421D-8776-2F94F33186F8}.Debug|iPhone.Deploy.0 = Debug|Any CPU
		{1BC7BB63-4658-421D-8776-2F94F33186F8}.Debug|iPhoneSimulator.ActiveCfg = Debug|Any CPU
		{1BC7BB63-4658-421D-8776-2F94F33186F8}.Debug|iPhoneSimulator.Build.0 = Debug|Any CPU
		{1BC7BB63-4658-421D-8776-2F94F33186F8}.Debug|iPhoneSimulator.Deploy.0 = Debug|Any CPU
		{1BC7BB63-4658-421D-8776-2F94F33186F8}.Debug|x64.ActiveCfg = Debug|Any CPU
		{1BC7BB63-4658-421D-8776-2F94F33186F8}.Debug|x64.Build.0 = Debug|Any CPU
		{1BC7BB63-4658-421D-8776-2F94F33186F8}.Debug|x64.Deploy.0 = Debug|Any CPU
		{1BC7BB63-4658-421D-8776-2F94F33186F8}.Debug|x86.ActiveCfg = Debug|Any CPU
		{1BC7BB63-4658-421D-8776-2F94F33186F8}.Debug|x86.Build.0 = Debug|Any CPU
		{1BC7BB63-4658-421D-8776-2F94F33186F8}.Debug|x86.Deploy.0 = Debug|Any CPU
		{1BC7BB63-4658-421D-8776-2F94F33186F8}.Release|Any CPU.ActiveCfg = Release|Any CPU
		{1BC7BB63-4658-421D-8776-2F94F33186F8}.Release|Any CPU.Deploy.0 = Release|Any CPU
		{1BC7BB63-4658-421D-8776-2F94F33186F8}.Release|ARM.ActiveCfg = Release|Any CPU
		{1BC7BB63-4658-421D-8776-2F94F33186F8}.Release|ARM.Build.0 = Release|Any CPU
		{1BC7BB63-4658-421D-8776-2F94F33186F8}.Release|ARM.Deploy.0 = Release|Any CPU
		{1BC7BB63-4658-421D-8776-2F94F33186F8}.Release|iPhone.ActiveCfg = Release|Any CPU
		{1BC7BB63-4658-421D-8776-2F94F33186F8}.Release|iPhone.Build.0 = Release|Any CPU
		{1BC7BB63-4658-421D-8776-2F94F33186F8}.Release|iPhone.Deploy.0 = Release|Any CPU
		{1BC7BB63-4658-421D-8776-2F94F33186F8}.Release|iPhoneSimulator.ActiveCfg = Release|Any CPU
		{1BC7BB63-4658-421D-8776-2F94F33186F8}.Release|iPhoneSimulator.Build.0 = Release|Any CPU
		{1BC7BB63-4658-421D-8776-2F94F33186F8}.Release|iPhoneSimulator.Deploy.0 = Release|Any CPU
		{1BC7BB63-4658-421D-8776-2F94F33186F8}.Release|x64.ActiveCfg = Release|Any CPU
		{1BC7BB63-4658-421D-8776-2F94F33186F8}.Release|x64.Build.0 = Release|Any CPU
		{1BC7BB63-4658-421D-8776-2F94F33186F8}.Release|x64.Deploy.0 = Release|Any CPU
		{1BC7BB63-4658-421D-8776-2F94F33186F8}.Release|x86.ActiveCfg = Release|Any CPU
		{1BC7BB63-4658-421D-8776-2F94F33186F8}.Release|x86.Build.0 = Release|Any CPU
		{1BC7BB63-4658-421D-8776-2F94F33186F8}.Release|x86.Deploy.0 = Release|Any CPU
		{6B3FA1E4-09A3-48C0-9FD6-3EDEE3965400}.Debug|Any CPU.ActiveCfg = Debug|Any CPU
		{6B3FA1E4-09A3-48C0-9FD6-3EDEE3965400}.Debug|Any CPU.Build.0 = Debug|Any CPU
		{6B3FA1E4-09A3-48C0-9FD6-3EDEE3965400}.Debug|Any CPU.Deploy.0 = Debug|Any CPU
		{6B3FA1E4-09A3-48C0-9FD6-3EDEE3965400}.Debug|ARM.ActiveCfg = Debug|Any CPU
		{6B3FA1E4-09A3-48C0-9FD6-3EDEE3965400}.Debug|ARM.Build.0 = Debug|Any CPU
		{6B3FA1E4-09A3-48C0-9FD6-3EDEE3965400}.Debug|ARM.Deploy.0 = Debug|Any CPU
		{6B3FA1E4-09A3-48C0-9FD6-3EDEE3965400}.Debug|iPhone.ActiveCfg = Debug|Any CPU
		{6B3FA1E4-09A3-48C0-9FD6-3EDEE3965400}.Debug|iPhone.Build.0 = Debug|Any CPU
		{6B3FA1E4-09A3-48C0-9FD6-3EDEE3965400}.Debug|iPhone.Deploy.0 = Debug|Any CPU
		{6B3FA1E4-09A3-48C0-9FD6-3EDEE3965400}.Debug|iPhoneSimulator.ActiveCfg = Debug|Any CPU
		{6B3FA1E4-09A3-48C0-9FD6-3EDEE3965400}.Debug|iPhoneSimulator.Build.0 = Debug|Any CPU
		{6B3FA1E4-09A3-48C0-9FD6-3EDEE3965400}.Debug|iPhoneSimulator.Deploy.0 = Debug|Any CPU
		{6B3FA1E4-09A3-48C0-9FD6-3EDEE3965400}.Debug|x64.ActiveCfg = Debug|Any CPU
		{6B3FA1E4-09A3-48C0-9FD6-3EDEE3965400}.Debug|x64.Build.0 = Debug|Any CPU
		{6B3FA1E4-09A3-48C0-9FD6-3EDEE3965400}.Debug|x64.Deploy.0 = Debug|Any CPU
		{6B3FA1E4-09A3-48C0-9FD6-3EDEE3965400}.Debug|x86.ActiveCfg = Debug|Any CPU
		{6B3FA1E4-09A3-48C0-9FD6-3EDEE3965400}.Debug|x86.Build.0 = Debug|Any CPU
		{6B3FA1E4-09A3-48C0-9FD6-3EDEE3965400}.Debug|x86.Deploy.0 = Debug|Any CPU
		{6B3FA1E4-09A3-48C0-9FD6-3EDEE3965400}.Release|Any CPU.ActiveCfg = Release|Any CPU
		{6B3FA1E4-09A3-48C0-9FD6-3EDEE3965400}.Release|Any CPU.Deploy.0 = Release|Any CPU
		{6B3FA1E4-09A3-48C0-9FD6-3EDEE3965400}.Release|ARM.ActiveCfg = Release|Any CPU
		{6B3FA1E4-09A3-48C0-9FD6-3EDEE3965400}.Release|ARM.Build.0 = Release|Any CPU
		{6B3FA1E4-09A3-48C0-9FD6-3EDEE3965400}.Release|ARM.Deploy.0 = Release|Any CPU
		{6B3FA1E4-09A3-48C0-9FD6-3EDEE3965400}.Release|iPhone.ActiveCfg = Release|Any CPU
		{6B3FA1E4-09A3-48C0-9FD6-3EDEE3965400}.Release|iPhone.Build.0 = Release|Any CPU
		{6B3FA1E4-09A3-48C0-9FD6-3EDEE3965400}.Release|iPhone.Deploy.0 = Release|Any CPU
		{6B3FA1E4-09A3-48C0-9FD6-3EDEE3965400}.Release|iPhoneSimulator.ActiveCfg = Release|Any CPU
		{6B3FA1E4-09A3-48C0-9FD6-3EDEE3965400}.Release|iPhoneSimulator.Build.0 = Release|Any CPU
		{6B3FA1E4-09A3-48C0-9FD6-3EDEE3965400}.Release|iPhoneSimulator.Deploy.0 = Release|Any CPU
		{6B3FA1E4-09A3-48C0-9FD6-3EDEE3965400}.Release|x64.ActiveCfg = Release|Any CPU
		{6B3FA1E4-09A3-48C0-9FD6-3EDEE3965400}.Release|x64.Build.0 = Release|Any CPU
		{6B3FA1E4-09A3-48C0-9FD6-3EDEE3965400}.Release|x64.Deploy.0 = Release|Any CPU
		{6B3FA1E4-09A3-48C0-9FD6-3EDEE3965400}.Release|x86.ActiveCfg = Release|Any CPU
		{6B3FA1E4-09A3-48C0-9FD6-3EDEE3965400}.Release|x86.Build.0 = Release|Any CPU
		{6B3FA1E4-09A3-48C0-9FD6-3EDEE3965400}.Release|x86.Deploy.0 = Release|Any CPU
		{ED6AB6FC-AD44-4DFA-AFC4-B0F127B87D5E}.Debug|Any CPU.ActiveCfg = Debug|x86
		{ED6AB6FC-AD44-4DFA-AFC4-B0F127B87D5E}.Debug|Any CPU.Build.0 = Debug|x86
		{ED6AB6FC-AD44-4DFA-AFC4-B0F127B87D5E}.Debug|ARM.ActiveCfg = Debug|Any CPU
		{ED6AB6FC-AD44-4DFA-AFC4-B0F127B87D5E}.Debug|ARM.Build.0 = Debug|Any CPU
		{ED6AB6FC-AD44-4DFA-AFC4-B0F127B87D5E}.Debug|iPhone.ActiveCfg = Debug|x86
		{ED6AB6FC-AD44-4DFA-AFC4-B0F127B87D5E}.Debug|iPhone.Build.0 = Debug|x86
		{ED6AB6FC-AD44-4DFA-AFC4-B0F127B87D5E}.Debug|iPhoneSimulator.ActiveCfg = Debug|x86
		{ED6AB6FC-AD44-4DFA-AFC4-B0F127B87D5E}.Debug|iPhoneSimulator.Build.0 = Debug|x86
		{ED6AB6FC-AD44-4DFA-AFC4-B0F127B87D5E}.Debug|x64.ActiveCfg = Debug|Any CPU
		{ED6AB6FC-AD44-4DFA-AFC4-B0F127B87D5E}.Debug|x64.Build.0 = Debug|Any CPU
		{ED6AB6FC-AD44-4DFA-AFC4-B0F127B87D5E}.Debug|x86.ActiveCfg = Debug|x86
		{ED6AB6FC-AD44-4DFA-AFC4-B0F127B87D5E}.Debug|x86.Build.0 = Debug|x86
		{ED6AB6FC-AD44-4DFA-AFC4-B0F127B87D5E}.Release|Any CPU.ActiveCfg = Release|Any CPU
		{ED6AB6FC-AD44-4DFA-AFC4-B0F127B87D5E}.Release|ARM.ActiveCfg = Release|Any CPU
		{ED6AB6FC-AD44-4DFA-AFC4-B0F127B87D5E}.Release|ARM.Build.0 = Release|Any CPU
		{ED6AB6FC-AD44-4DFA-AFC4-B0F127B87D5E}.Release|iPhone.ActiveCfg = Release|Any CPU
		{ED6AB6FC-AD44-4DFA-AFC4-B0F127B87D5E}.Release|iPhone.Build.0 = Release|Any CPU
		{ED6AB6FC-AD44-4DFA-AFC4-B0F127B87D5E}.Release|iPhoneSimulator.ActiveCfg = Release|Any CPU
		{ED6AB6FC-AD44-4DFA-AFC4-B0F127B87D5E}.Release|iPhoneSimulator.Build.0 = Release|Any CPU
		{ED6AB6FC-AD44-4DFA-AFC4-B0F127B87D5E}.Release|x64.ActiveCfg = Release|Any CPU
		{ED6AB6FC-AD44-4DFA-AFC4-B0F127B87D5E}.Release|x64.Build.0 = Release|Any CPU
		{ED6AB6FC-AD44-4DFA-AFC4-B0F127B87D5E}.Release|x86.ActiveCfg = Release|x86
		{ED6AB6FC-AD44-4DFA-AFC4-B0F127B87D5E}.Release|x86.Build.0 = Release|x86
		{8A16ADA1-BD9C-4898-9847-67D7667EC0E0}.Debug|Any CPU.ActiveCfg = Debug|iPhone
		{8A16ADA1-BD9C-4898-9847-67D7667EC0E0}.Debug|Any CPU.Build.0 = Debug|iPhone
		{8A16ADA1-BD9C-4898-9847-67D7667EC0E0}.Debug|ARM.ActiveCfg = Debug|iPhone
		{8A16ADA1-BD9C-4898-9847-67D7667EC0E0}.Debug|iPhone.ActiveCfg = Debug|iPhone
		{8A16ADA1-BD9C-4898-9847-67D7667EC0E0}.Debug|iPhone.Build.0 = Debug|iPhone
		{8A16ADA1-BD9C-4898-9847-67D7667EC0E0}.Debug|iPhoneSimulator.ActiveCfg = Debug|iPhoneSimulator
		{8A16ADA1-BD9C-4898-9847-67D7667EC0E0}.Debug|iPhoneSimulator.Build.0 = Debug|iPhoneSimulator
		{8A16ADA1-BD9C-4898-9847-67D7667EC0E0}.Debug|x64.ActiveCfg = Debug|iPhone
		{8A16ADA1-BD9C-4898-9847-67D7667EC0E0}.Debug|x86.ActiveCfg = Debug|iPhone
		{8A16ADA1-BD9C-4898-9847-67D7667EC0E0}.Release|Any CPU.ActiveCfg = Release|iPhone
		{8A16ADA1-BD9C-4898-9847-67D7667EC0E0}.Release|ARM.ActiveCfg = Release|iPhone
		{8A16ADA1-BD9C-4898-9847-67D7667EC0E0}.Release|iPhone.ActiveCfg = Release|iPhone
		{8A16ADA1-BD9C-4898-9847-67D7667EC0E0}.Release|iPhone.Build.0 = Release|iPhone
		{8A16ADA1-BD9C-4898-9847-67D7667EC0E0}.Release|iPhoneSimulator.ActiveCfg = Release|iPhoneSimulator
		{8A16ADA1-BD9C-4898-9847-67D7667EC0E0}.Release|iPhoneSimulator.Build.0 = Release|iPhoneSimulator
		{8A16ADA1-BD9C-4898-9847-67D7667EC0E0}.Release|x64.ActiveCfg = Release|iPhone
		{8A16ADA1-BD9C-4898-9847-67D7667EC0E0}.Release|x86.ActiveCfg = Release|iPhone
		{0167BE14-CABE-48DD-A530-2B93F834F601}.Debug|Any CPU.ActiveCfg = Debug|Any CPU
		{0167BE14-CABE-48DD-A530-2B93F834F601}.Debug|Any CPU.Build.0 = Debug|Any CPU
		{0167BE14-CABE-48DD-A530-2B93F834F601}.Debug|ARM.ActiveCfg = Debug|Any CPU
		{0167BE14-CABE-48DD-A530-2B93F834F601}.Debug|ARM.Build.0 = Debug|Any CPU
		{0167BE14-CABE-48DD-A530-2B93F834F601}.Debug|iPhone.ActiveCfg = Debug|Any CPU
		{0167BE14-CABE-48DD-A530-2B93F834F601}.Debug|iPhone.Build.0 = Debug|Any CPU
		{0167BE14-CABE-48DD-A530-2B93F834F601}.Debug|iPhoneSimulator.ActiveCfg = Debug|Any CPU
		{0167BE14-CABE-48DD-A530-2B93F834F601}.Debug|iPhoneSimulator.Build.0 = Debug|Any CPU
		{0167BE14-CABE-48DD-A530-2B93F834F601}.Debug|x64.ActiveCfg = Debug|Any CPU
		{0167BE14-CABE-48DD-A530-2B93F834F601}.Debug|x64.Build.0 = Debug|Any CPU
		{0167BE14-CABE-48DD-A530-2B93F834F601}.Debug|x86.ActiveCfg = Debug|Any CPU
		{0167BE14-CABE-48DD-A530-2B93F834F601}.Debug|x86.Build.0 = Debug|Any CPU
		{0167BE14-CABE-48DD-A530-2B93F834F601}.Release|Any CPU.ActiveCfg = Release|Any CPU
		{0167BE14-CABE-48DD-A530-2B93F834F601}.Release|ARM.ActiveCfg = Release|Any CPU
		{0167BE14-CABE-48DD-A530-2B93F834F601}.Release|ARM.Build.0 = Release|Any CPU
		{0167BE14-CABE-48DD-A530-2B93F834F601}.Release|iPhone.ActiveCfg = Release|Any CPU
		{0167BE14-CABE-48DD-A530-2B93F834F601}.Release|iPhone.Build.0 = Release|Any CPU
		{0167BE14-CABE-48DD-A530-2B93F834F601}.Release|iPhoneSimulator.ActiveCfg = Release|Any CPU
		{0167BE14-CABE-48DD-A530-2B93F834F601}.Release|iPhoneSimulator.Build.0 = Release|Any CPU
		{0167BE14-CABE-48DD-A530-2B93F834F601}.Release|x64.ActiveCfg = Release|Any CPU
		{0167BE14-CABE-48DD-A530-2B93F834F601}.Release|x64.Build.0 = Release|Any CPU
		{0167BE14-CABE-48DD-A530-2B93F834F601}.Release|x86.ActiveCfg = Release|Any CPU
		{0167BE14-CABE-48DD-A530-2B93F834F601}.Release|x86.Build.0 = Release|Any CPU
		{5CE05F06-CF75-401C-878F-6288655E851C}.Debug|Any CPU.ActiveCfg = Debug|x86
		{5CE05F06-CF75-401C-878F-6288655E851C}.Debug|Any CPU.Build.0 = Debug|x86
		{5CE05F06-CF75-401C-878F-6288655E851C}.Debug|Any CPU.Deploy.0 = Debug|x86
		{5CE05F06-CF75-401C-878F-6288655E851C}.Debug|ARM.ActiveCfg = Debug|ARM
		{5CE05F06-CF75-401C-878F-6288655E851C}.Debug|ARM.Build.0 = Debug|ARM
		{5CE05F06-CF75-401C-878F-6288655E851C}.Debug|ARM.Deploy.0 = Debug|ARM
		{5CE05F06-CF75-401C-878F-6288655E851C}.Debug|iPhone.ActiveCfg = Debug|x86
		{5CE05F06-CF75-401C-878F-6288655E851C}.Debug|iPhone.Build.0 = Debug|x86
		{5CE05F06-CF75-401C-878F-6288655E851C}.Debug|iPhoneSimulator.ActiveCfg = Debug|x86
		{5CE05F06-CF75-401C-878F-6288655E851C}.Debug|x64.ActiveCfg = Debug|x64
		{5CE05F06-CF75-401C-878F-6288655E851C}.Debug|x64.Build.0 = Debug|x64
		{5CE05F06-CF75-401C-878F-6288655E851C}.Debug|x64.Deploy.0 = Debug|x64
		{5CE05F06-CF75-401C-878F-6288655E851C}.Debug|x86.ActiveCfg = Debug|x86
		{5CE05F06-CF75-401C-878F-6288655E851C}.Debug|x86.Build.0 = Debug|x86
		{5CE05F06-CF75-401C-878F-6288655E851C}.Debug|x86.Deploy.0 = Debug|x86
		{5CE05F06-CF75-401C-878F-6288655E851C}.Release|Any CPU.ActiveCfg = Release|x86
		{5CE05F06-CF75-401C-878F-6288655E851C}.Release|ARM.ActiveCfg = Release|ARM
		{5CE05F06-CF75-401C-878F-6288655E851C}.Release|ARM.Build.0 = Release|ARM
		{5CE05F06-CF75-401C-878F-6288655E851C}.Release|ARM.Deploy.0 = Release|ARM
		{5CE05F06-CF75-401C-878F-6288655E851C}.Release|iPhone.ActiveCfg = Release|x86
		{5CE05F06-CF75-401C-878F-6288655E851C}.Release|iPhoneSimulator.ActiveCfg = Release|x86
		{5CE05F06-CF75-401C-878F-6288655E851C}.Release|x64.ActiveCfg = Release|x64
		{5CE05F06-CF75-401C-878F-6288655E851C}.Release|x64.Build.0 = Release|x64
		{5CE05F06-CF75-401C-878F-6288655E851C}.Release|x64.Deploy.0 = Release|x64
		{5CE05F06-CF75-401C-878F-6288655E851C}.Release|x86.ActiveCfg = Release|x86
		{5CE05F06-CF75-401C-878F-6288655E851C}.Release|x86.Build.0 = Release|x86
		{5CE05F06-CF75-401C-878F-6288655E851C}.Release|x86.Deploy.0 = Release|x86
		{4BDA58A2-2A71-47BC-BE7B-F27D3A2C7913}.Debug|Any CPU.ActiveCfg = Debug|Any CPU
		{4BDA58A2-2A71-47BC-BE7B-F27D3A2C7913}.Debug|Any CPU.Build.0 = Debug|Any CPU
		{4BDA58A2-2A71-47BC-BE7B-F27D3A2C7913}.Debug|ARM.ActiveCfg = Debug|Any CPU
		{4BDA58A2-2A71-47BC-BE7B-F27D3A2C7913}.Debug|ARM.Build.0 = Debug|Any CPU
		{4BDA58A2-2A71-47BC-BE7B-F27D3A2C7913}.Debug|iPhone.ActiveCfg = Debug|Any CPU
		{4BDA58A2-2A71-47BC-BE7B-F27D3A2C7913}.Debug|iPhone.Build.0 = Debug|Any CPU
		{4BDA58A2-2A71-47BC-BE7B-F27D3A2C7913}.Debug|iPhoneSimulator.ActiveCfg = Debug|Any CPU
		{4BDA58A2-2A71-47BC-BE7B-F27D3A2C7913}.Debug|iPhoneSimulator.Build.0 = Debug|Any CPU
		{4BDA58A2-2A71-47BC-BE7B-F27D3A2C7913}.Debug|x64.ActiveCfg = Debug|Any CPU
		{4BDA58A2-2A71-47BC-BE7B-F27D3A2C7913}.Debug|x64.Build.0 = Debug|Any CPU
		{4BDA58A2-2A71-47BC-BE7B-F27D3A2C7913}.Debug|x86.ActiveCfg = Debug|Any CPU
		{4BDA58A2-2A71-47BC-BE7B-F27D3A2C7913}.Debug|x86.Build.0 = Debug|Any CPU
		{4BDA58A2-2A71-47BC-BE7B-F27D3A2C7913}.Release|Any CPU.ActiveCfg = Release|Any CPU
		{4BDA58A2-2A71-47BC-BE7B-F27D3A2C7913}.Release|ARM.ActiveCfg = Release|Any CPU
		{4BDA58A2-2A71-47BC-BE7B-F27D3A2C7913}.Release|ARM.Build.0 = Release|Any CPU
		{4BDA58A2-2A71-47BC-BE7B-F27D3A2C7913}.Release|iPhone.ActiveCfg = Release|Any CPU
		{4BDA58A2-2A71-47BC-BE7B-F27D3A2C7913}.Release|iPhone.Build.0 = Release|Any CPU
		{4BDA58A2-2A71-47BC-BE7B-F27D3A2C7913}.Release|iPhoneSimulator.ActiveCfg = Release|Any CPU
		{4BDA58A2-2A71-47BC-BE7B-F27D3A2C7913}.Release|iPhoneSimulator.Build.0 = Release|Any CPU
		{4BDA58A2-2A71-47BC-BE7B-F27D3A2C7913}.Release|x64.ActiveCfg = Release|Any CPU
		{4BDA58A2-2A71-47BC-BE7B-F27D3A2C7913}.Release|x64.Build.0 = Release|Any CPU
		{4BDA58A2-2A71-47BC-BE7B-F27D3A2C7913}.Release|x86.ActiveCfg = Release|Any CPU
		{4BDA58A2-2A71-47BC-BE7B-F27D3A2C7913}.Release|x86.Build.0 = Release|Any CPU
		{4C11F294-FC1B-4FA7-8C27-F04F578F5D04}.Debug|Any CPU.ActiveCfg = Debug|x86
		{4C11F294-FC1B-4FA7-8C27-F04F578F5D04}.Debug|Any CPU.Build.0 = Debug|x86
		{4C11F294-FC1B-4FA7-8C27-F04F578F5D04}.Debug|Any CPU.Deploy.0 = Debug|x86
		{4C11F294-FC1B-4FA7-8C27-F04F578F5D04}.Debug|ARM.ActiveCfg = Debug|ARM
		{4C11F294-FC1B-4FA7-8C27-F04F578F5D04}.Debug|ARM.Build.0 = Debug|ARM
		{4C11F294-FC1B-4FA7-8C27-F04F578F5D04}.Debug|ARM.Deploy.0 = Debug|ARM
		{4C11F294-FC1B-4FA7-8C27-F04F578F5D04}.Debug|iPhone.ActiveCfg = Debug|x86
		{4C11F294-FC1B-4FA7-8C27-F04F578F5D04}.Debug|iPhoneSimulator.ActiveCfg = Debug|x86
		{4C11F294-FC1B-4FA7-8C27-F04F578F5D04}.Debug|x64.ActiveCfg = Debug|x64
		{4C11F294-FC1B-4FA7-8C27-F04F578F5D04}.Debug|x64.Build.0 = Debug|x64
		{4C11F294-FC1B-4FA7-8C27-F04F578F5D04}.Debug|x64.Deploy.0 = Debug|x64
		{4C11F294-FC1B-4FA7-8C27-F04F578F5D04}.Debug|x86.ActiveCfg = Debug|x86
		{4C11F294-FC1B-4FA7-8C27-F04F578F5D04}.Debug|x86.Build.0 = Debug|x86
		{4C11F294-FC1B-4FA7-8C27-F04F578F5D04}.Debug|x86.Deploy.0 = Debug|x86
		{4C11F294-FC1B-4FA7-8C27-F04F578F5D04}.Release|Any CPU.ActiveCfg = Release|x86
		{4C11F294-FC1B-4FA7-8C27-F04F578F5D04}.Release|ARM.ActiveCfg = Release|ARM
		{4C11F294-FC1B-4FA7-8C27-F04F578F5D04}.Release|ARM.Build.0 = Release|ARM
		{4C11F294-FC1B-4FA7-8C27-F04F578F5D04}.Release|ARM.Deploy.0 = Release|ARM
		{4C11F294-FC1B-4FA7-8C27-F04F578F5D04}.Release|iPhone.ActiveCfg = Release|x86
		{4C11F294-FC1B-4FA7-8C27-F04F578F5D04}.Release|iPhoneSimulator.ActiveCfg = Release|x86
		{4C11F294-FC1B-4FA7-8C27-F04F578F5D04}.Release|x64.ActiveCfg = Release|x64
		{4C11F294-FC1B-4FA7-8C27-F04F578F5D04}.Release|x64.Build.0 = Release|x64
		{4C11F294-FC1B-4FA7-8C27-F04F578F5D04}.Release|x64.Deploy.0 = Release|x64
		{4C11F294-FC1B-4FA7-8C27-F04F578F5D04}.Release|x86.ActiveCfg = Release|x86
		{4C11F294-FC1B-4FA7-8C27-F04F578F5D04}.Release|x86.Build.0 = Release|x86
		{4C11F294-FC1B-4FA7-8C27-F04F578F5D04}.Release|x86.Deploy.0 = Release|x86
		{C4DD05D5-AD71-4D37-89E5-0C2ABFA6D77E}.Debug|Any CPU.ActiveCfg = Debug|Any CPU
		{C4DD05D5-AD71-4D37-89E5-0C2ABFA6D77E}.Debug|Any CPU.Build.0 = Debug|Any CPU
		{C4DD05D5-AD71-4D37-89E5-0C2ABFA6D77E}.Debug|ARM.ActiveCfg = Debug|Any CPU
		{C4DD05D5-AD71-4D37-89E5-0C2ABFA6D77E}.Debug|ARM.Build.0 = Debug|Any CPU
		{C4DD05D5-AD71-4D37-89E5-0C2ABFA6D77E}.Debug|iPhone.ActiveCfg = Debug|Any CPU
		{C4DD05D5-AD71-4D37-89E5-0C2ABFA6D77E}.Debug|iPhone.Build.0 = Debug|Any CPU
		{C4DD05D5-AD71-4D37-89E5-0C2ABFA6D77E}.Debug|iPhoneSimulator.ActiveCfg = Debug|Any CPU
		{C4DD05D5-AD71-4D37-89E5-0C2ABFA6D77E}.Debug|iPhoneSimulator.Build.0 = Debug|Any CPU
		{C4DD05D5-AD71-4D37-89E5-0C2ABFA6D77E}.Debug|x64.ActiveCfg = Debug|Any CPU
		{C4DD05D5-AD71-4D37-89E5-0C2ABFA6D77E}.Debug|x64.Build.0 = Debug|Any CPU
		{C4DD05D5-AD71-4D37-89E5-0C2ABFA6D77E}.Debug|x86.ActiveCfg = Debug|Any CPU
		{C4DD05D5-AD71-4D37-89E5-0C2ABFA6D77E}.Debug|x86.Build.0 = Debug|Any CPU
		{C4DD05D5-AD71-4D37-89E5-0C2ABFA6D77E}.Release|Any CPU.ActiveCfg = Release|Any CPU
		{C4DD05D5-AD71-4D37-89E5-0C2ABFA6D77E}.Release|Any CPU.Build.0 = Release|Any CPU
		{C4DD05D5-AD71-4D37-89E5-0C2ABFA6D77E}.Release|ARM.ActiveCfg = Release|Any CPU
		{C4DD05D5-AD71-4D37-89E5-0C2ABFA6D77E}.Release|ARM.Build.0 = Release|Any CPU
		{C4DD05D5-AD71-4D37-89E5-0C2ABFA6D77E}.Release|iPhone.ActiveCfg = Release|Any CPU
		{C4DD05D5-AD71-4D37-89E5-0C2ABFA6D77E}.Release|iPhone.Build.0 = Release|Any CPU
		{C4DD05D5-AD71-4D37-89E5-0C2ABFA6D77E}.Release|iPhoneSimulator.ActiveCfg = Release|Any CPU
		{C4DD05D5-AD71-4D37-89E5-0C2ABFA6D77E}.Release|iPhoneSimulator.Build.0 = Release|Any CPU
		{C4DD05D5-AD71-4D37-89E5-0C2ABFA6D77E}.Release|x64.ActiveCfg = Release|Any CPU
		{C4DD05D5-AD71-4D37-89E5-0C2ABFA6D77E}.Release|x64.Build.0 = Release|Any CPU
		{C4DD05D5-AD71-4D37-89E5-0C2ABFA6D77E}.Release|x86.ActiveCfg = Release|Any CPU
		{C4DD05D5-AD71-4D37-89E5-0C2ABFA6D77E}.Release|x86.Build.0 = Release|Any CPU
	EndGlobalSection
	GlobalSection(SolutionProperties) = preSolution
		HideSolutionNode = FALSE
	EndGlobalSection
	GlobalSection(NestedProjects) = preSolution
		{1BC7BB63-4658-421D-8776-2F94F33186F8} = {BC1B2A3E-7C7C-4E9A-9238-504CDF459385}
		{6B3FA1E4-09A3-48C0-9FD6-3EDEE3965400} = {BC1B2A3E-7C7C-4E9A-9238-504CDF459385}
		{92BCE9D4-6968-4533-9785-A240EE123FAA} = {2CE3355A-1A9F-4DAF-8797-25D70D26D9DB}
		{ED6AB6FC-AD44-4DFA-AFC4-B0F127B87D5E} = {2CE3355A-1A9F-4DAF-8797-25D70D26D9DB}
		{21CFFA29-3D29-43E6-8C7B-47F17A900BA6} = {BC1B2A3E-7C7C-4E9A-9238-504CDF459385}
		{8A16ADA1-BD9C-4898-9847-67D7667EC0E0} = {BC1B2A3E-7C7C-4E9A-9238-504CDF459385}
		{0167BE14-CABE-48DD-A530-2B93F834F601} = {BC1B2A3E-7C7C-4E9A-9238-504CDF459385}
		{5CE05F06-CF75-401C-878F-6288655E851C} = {BC1B2A3E-7C7C-4E9A-9238-504CDF459385}
		{4BDA58A2-2A71-47BC-BE7B-F27D3A2C7913} = {BC1B2A3E-7C7C-4E9A-9238-504CDF459385}
		{4C11F294-FC1B-4FA7-8C27-F04F578F5D04} = {2CE3355A-1A9F-4DAF-8797-25D70D26D9DB}
		{C4DD05D5-AD71-4D37-89E5-0C2ABFA6D77E} = {88A8760B-A830-4EF1-A4C0-4957F2365FA9}
	EndGlobalSection
	GlobalSection(ExtensibilityGlobals) = postSolution
		SolutionGuid = {5755D712-C143-4CFB-B113-2A3CD5DA43FE}
	EndGlobalSection
	GlobalSection(SharedMSBuildProjectFiles) = preSolution
		SvgW3CTestSuite.Shared\SvgW3CTestSuite.Shared.projitems*{21cffa29-3d29-43e6-8c7b-47f17a900ba6}*SharedItemsImports = 13
		Svg.Tests\Svg.Tests.projitems*{4c11f294-fc1b-4fa7-8c27-f04f578f5d04}*SharedItemsImports = 4
		SvgW3CTestSuite.Shared\SvgW3CTestSuite.Shared.projitems*{5ce05f06-cf75-401c-878f-6288655e851c}*SharedItemsImports = 4
		SvgW3CTestSuite.Shared\SvgW3CTestSuite.Shared.projitems*{6b3fa1e4-09a3-48c0-9fd6-3edee3965400}*SharedItemsImports = 4
		SvgW3CTestSuite.Shared\SvgW3CTestSuite.Shared.projitems*{8a16ada1-bd9c-4898-9847-67d7667ec0e0}*SharedItemsImports = 4
		Svg.Tests\Svg.Tests.projitems*{92bce9d4-6968-4533-9785-a240ee123faa}*SharedItemsImports = 13
		Svg.Tests\Svg.Tests.projitems*{ed6ab6fc-ad44-4dfa-afc4-b0f127b87d5e}*SharedItemsImports = 5
	EndGlobalSection
EndGlobal
