
Microsoft Visual Studio Solution File, Format Version 12.00
# Visual Studio Version 17
VisualStudioVersion = 17.11.35327.3
MinimumVisualStudioVersion = 10.0.40219.1
Project("{9A19103F-16F7-4668-BE54-9A1E7A4F7556}") = "Svg.Editor.Core", "Svg.Editor.Core\Svg.Editor.Core.csproj", "{4CF34D1C-662C-400D-BEAF-E87CE1D08FAB}"
EndProject
Project("{2150E333-8FDC-42A3-9474-1A3956D46DE8}") = "Editor", "Editor", "{E5A1A7EF-50EA-4E0A-B8A5-23D8B5819351}"
EndProject
Project("{9A19103F-16F7-4668-BE54-9A1E7A4F7556}") = "Svg.Editor.Forms", "Svg.Editor.Forms\Svg.Editor.Forms.csproj", "{2C90EE6D-52E3-4BA0-92D4-8162800F698D}"
EndProject
Project("{2150E333-8FDC-42A3-9474-1A3956D46DE8}") = "Sample.Forms", "Sample.Forms", "{1A3E4166-A0D7-4A5F-8AEF-C20F24B31708}"
EndProject
Project("{9A19103F-16F7-4668-BE54-9A1E7A4F7556}") = "Svg.Editor.Sample.Forms", "Svg.Editor.Sample.Forms\Svg.Editor.Sample.Forms\Svg.Editor.Sample.Forms.csproj", "{F2B871B8-829F-4EF4-99A4-AB2FC9EEDA5E}"
EndProject
Project("{FAE04EC0-301F-11D3-BF4B-00C04F79EFBC}") = "Svg.Editor.Sample.Forms.iOS", "Svg.Editor.Sample.Forms\Svg.Editor.Sample.Forms.iOS\Svg.Editor.Sample.Forms.iOS.csproj", "{F99585D5-1C22-4206-AA0E-7B08B97997B6}"
EndProject
Project("{9A19103F-16F7-4668-BE54-9A1E7A4F7556}") = "Svg.Editor.Views", "Svg.Editor.Views\Svg.Editor.Views.csproj", "{E31E77D5-D5D5-4639-9F84-F2C9F59C2C8A}"
EndProject
Project("{FAE04EC0-301F-11D3-BF4B-00C04F79EFBC}") = "Sample.Forms.UWP", "Sample.Forms.UWP\Sample.Forms.UWP.csproj", "{AE1AD846-9BED-493D-9A4B-1F78BD7EE06A}"
EndProject
Project("{FAE04EC0-301F-11D3-BF4B-00C04F79EFBC}") = "Sample.Forms.Droid", "Sample.Android\Sample.Forms.Droid.csproj", "{9AD93704-ED70-45BE-8C51-8458AA7EA589}"
EndProject
Project("{FAE04EC0-301F-11D3-BF4B-00C04F79EFBC}") = "Svg.Editor.Core.Tests", "Svg.Editor.Core.Tests\Svg.Editor.Core.Tests.csproj", "{18A8F892-730A-489C-9803-BCD9E2B67E6E}"
EndProject
Project("{9A19103F-16F7-4668-BE54-9A1E7A4F7556}") = "Svg.Editor.Avalon.Views", "Svg.Editor.Avalonia.Views\Svg.Editor.Avalon.Views.csproj", "{A55C4940-BF6E-4D92-A8FE-D2425A29EE26}"
EndProject
Project("{9A19103F-16F7-4668-BE54-9A1E7A4F7556}") = "Svg.Editor.Sample.Avalon", "Svg.Editor.Sample.Avalon\Svg.Editor.Sample.Avalon.csproj", "{75D6E5CD-5CE7-47B9-A7D4-78FF3C67E52E}"
EndProject
Project("{9A19103F-16F7-4668-BE54-9A1E7A4F7556}") = "Svg.Editor.Sample.Desktop.Avalon", "Svg.Editor.Sample.Desktop.Avalon\Svg.Editor.Sample.Desktop.Avalon.csproj", "{46311A3A-68B2-4697-A766-27CEAF066BC8}"
EndProject
Project("{9A19103F-16F7-4668-BE54-9A1E7A4F7556}") = "Svg.Editor.Avalon.Forms", "Svg.Editor.Avalonia.Forms\Svg.Editor.Avalon.Forms.csproj", "{5AA10527-6EB1-4C0C-BC78-1BD60F646FB5}"
EndProject
Project("{9A19103F-16F7-4668-BE54-9A1E7A4F7556}") = "Svg.Editor.CrossSample.Avalon", "Svg.Editor.CrossSample.Avalon\Svg.Editor.CrossSample.Avalon\Svg.Editor.CrossSample.Avalon.csproj", "{C51ECCD1-6360-4775-B258-7DD9C369022D}"
EndProject
Project("{9A19103F-16F7-4668-BE54-9A1E7A4F7556}") = "Svg.Editor.CrossSample.Avalon.Android", "Svg.Editor.CrossSample.Avalon\Svg.Editor.CrossSample.Avalon.Android\Svg.Editor.CrossSample.Avalon.Android.csproj", "{EAD68BE2-6108-41A2-882B-D7A8D2CC12C2}"
EndProject
Project("{9A19103F-16F7-4668-BE54-9A1E7A4F7556}") = "Svg.Editor.CrossSample.Avalon.Desktop", "Svg.Editor.CrossSample.Avalon\Svg.Editor.CrossSample.Avalon.Desktop\Svg.Editor.CrossSample.Avalon.Desktop.csproj", "{38EECE43-BF64-4060-B033-D2D43A3D7AC1}"
EndProject
Project("{9A19103F-16F7-4668-BE54-9A1E7A4F7556}") = "Svg.Editor.CrossSample.Avalon.iOS", "Svg.Editor.CrossSample.Avalon\Svg.Editor.CrossSample.Avalon.iOS\Svg.Editor.CrossSample.Avalon.iOS.csproj", "{63E9727D-5A71-431E-9A9F-AD3CBBB40D03}"
EndProject
Project("{9A19103F-16F7-4668-BE54-9A1E7A4F7556}") = "Svg.Editor.CrossSample.Avalon.Browser", "Svg.Editor.CrossSample.Avalon\Svg.Editor.CrossSample.Avalon.Browser\Svg.Editor.CrossSample.Avalon.Browser.csproj", "{F57CEC0F-D96E-43BF-94B8-EC57F823CC51}"
EndProject
Global
	GlobalSection(SolutionConfigurationPlatforms) = preSolution
		Debug|Any CPU = Debug|Any CPU
		Debug|ARM = Debug|ARM
		Debug|ARM64 = Debug|ARM64
		Debug|iPhone = Debug|iPhone
		Debug|iPhoneSimulator = Debug|iPhoneSimulator
		Debug|x64 = Debug|x64
		Debug|x86 = Debug|x86
		Release|Any CPU = Release|Any CPU
		Release|ARM = Release|ARM
		Release|ARM64 = Release|ARM64
		Release|iPhone = Release|iPhone
		Release|iPhoneSimulator = Release|iPhoneSimulator
		Release|x64 = Release|x64
		Release|x86 = Release|x86
	EndGlobalSection
	GlobalSection(ProjectConfigurationPlatforms) = postSolution
		{4CF34D1C-662C-400D-BEAF-E87CE1D08FAB}.Debug|Any CPU.ActiveCfg = Debug|Any CPU
		{4CF34D1C-662C-400D-BEAF-E87CE1D08FAB}.Debug|Any CPU.Build.0 = Debug|Any CPU
		{4CF34D1C-662C-400D-BEAF-E87CE1D08FAB}.Debug|ARM.ActiveCfg = Debug|Any CPU
		{4CF34D1C-662C-400D-BEAF-E87CE1D08FAB}.Debug|ARM.Build.0 = Debug|Any CPU
		{4CF34D1C-662C-400D-BEAF-E87CE1D08FAB}.Debug|ARM64.ActiveCfg = Debug|Any CPU
		{4CF34D1C-662C-400D-BEAF-E87CE1D08FAB}.Debug|ARM64.Build.0 = Debug|Any CPU
		{4CF34D1C-662C-400D-BEAF-E87CE1D08FAB}.Debug|iPhone.ActiveCfg = Debug|Any CPU
		{4CF34D1C-662C-400D-BEAF-E87CE1D08FAB}.Debug|iPhone.Build.0 = Debug|Any CPU
		{4CF34D1C-662C-400D-BEAF-E87CE1D08FAB}.Debug|iPhoneSimulator.ActiveCfg = Debug|Any CPU
		{4CF34D1C-662C-400D-BEAF-E87CE1D08FAB}.Debug|iPhoneSimulator.Build.0 = Debug|Any CPU
		{4CF34D1C-662C-400D-BEAF-E87CE1D08FAB}.Debug|x64.ActiveCfg = Debug|Any CPU
		{4CF34D1C-662C-400D-BEAF-E87CE1D08FAB}.Debug|x64.Build.0 = Debug|Any CPU
		{4CF34D1C-662C-400D-BEAF-E87CE1D08FAB}.Debug|x86.ActiveCfg = Debug|Any CPU
		{4CF34D1C-662C-400D-BEAF-E87CE1D08FAB}.Debug|x86.Build.0 = Debug|Any CPU
		{4CF34D1C-662C-400D-BEAF-E87CE1D08FAB}.Release|Any CPU.ActiveCfg = Release|Any CPU
		{4CF34D1C-662C-400D-BEAF-E87CE1D08FAB}.Release|Any CPU.Build.0 = Release|Any CPU
		{4CF34D1C-662C-400D-BEAF-E87CE1D08FAB}.Release|ARM.ActiveCfg = Release|Any CPU
		{4CF34D1C-662C-400D-BEAF-E87CE1D08FAB}.Release|ARM.Build.0 = Release|Any CPU
		{4CF34D1C-662C-400D-BEAF-E87CE1D08FAB}.Release|ARM64.ActiveCfg = Release|Any CPU
		{4CF34D1C-662C-400D-BEAF-E87CE1D08FAB}.Release|ARM64.Build.0 = Release|Any CPU
		{4CF34D1C-662C-400D-BEAF-E87CE1D08FAB}.Release|iPhone.ActiveCfg = Release|Any CPU
		{4CF34D1C-662C-400D-BEAF-E87CE1D08FAB}.Release|iPhone.Build.0 = Release|Any CPU
		{4CF34D1C-662C-400D-BEAF-E87CE1D08FAB}.Release|iPhoneSimulator.ActiveCfg = Release|Any CPU
		{4CF34D1C-662C-400D-BEAF-E87CE1D08FAB}.Release|iPhoneSimulator.Build.0 = Release|Any CPU
		{4CF34D1C-662C-400D-BEAF-E87CE1D08FAB}.Release|x64.ActiveCfg = Release|Any CPU
		{4CF34D1C-662C-400D-BEAF-E87CE1D08FAB}.Release|x64.Build.0 = Release|Any CPU
		{4CF34D1C-662C-400D-BEAF-E87CE1D08FAB}.Release|x86.ActiveCfg = Release|Any CPU
		{4CF34D1C-662C-400D-BEAF-E87CE1D08FAB}.Release|x86.Build.0 = Release|Any CPU
		{2C90EE6D-52E3-4BA0-92D4-8162800F698D}.Debug|Any CPU.ActiveCfg = Debug|Any CPU
		{2C90EE6D-52E3-4BA0-92D4-8162800F698D}.Debug|Any CPU.Build.0 = Debug|Any CPU
		{2C90EE6D-52E3-4BA0-92D4-8162800F698D}.Debug|ARM.ActiveCfg = Debug|Any CPU
		{2C90EE6D-52E3-4BA0-92D4-8162800F698D}.Debug|ARM.Build.0 = Debug|Any CPU
		{2C90EE6D-52E3-4BA0-92D4-8162800F698D}.Debug|ARM64.ActiveCfg = Debug|Any CPU
		{2C90EE6D-52E3-4BA0-92D4-8162800F698D}.Debug|ARM64.Build.0 = Debug|Any CPU
		{2C90EE6D-52E3-4BA0-92D4-8162800F698D}.Debug|iPhone.ActiveCfg = Debug|Any CPU
		{2C90EE6D-52E3-4BA0-92D4-8162800F698D}.Debug|iPhone.Build.0 = Debug|Any CPU
		{2C90EE6D-52E3-4BA0-92D4-8162800F698D}.Debug|iPhoneSimulator.ActiveCfg = Debug|Any CPU
		{2C90EE6D-52E3-4BA0-92D4-8162800F698D}.Debug|iPhoneSimulator.Build.0 = Debug|Any CPU
		{2C90EE6D-52E3-4BA0-92D4-8162800F698D}.Debug|x64.ActiveCfg = Debug|Any CPU
		{2C90EE6D-52E3-4BA0-92D4-8162800F698D}.Debug|x64.Build.0 = Debug|Any CPU
		{2C90EE6D-52E3-4BA0-92D4-8162800F698D}.Debug|x86.ActiveCfg = Debug|Any CPU
		{2C90EE6D-52E3-4BA0-92D4-8162800F698D}.Debug|x86.Build.0 = Debug|Any CPU
		{2C90EE6D-52E3-4BA0-92D4-8162800F698D}.Release|Any CPU.ActiveCfg = Release|Any CPU
		{2C90EE6D-52E3-4BA0-92D4-8162800F698D}.Release|Any CPU.Build.0 = Release|Any CPU
		{2C90EE6D-52E3-4BA0-92D4-8162800F698D}.Release|ARM.ActiveCfg = Release|Any CPU
		{2C90EE6D-52E3-4BA0-92D4-8162800F698D}.Release|ARM.Build.0 = Release|Any CPU
		{2C90EE6D-52E3-4BA0-92D4-8162800F698D}.Release|ARM64.ActiveCfg = Release|Any CPU
		{2C90EE6D-52E3-4BA0-92D4-8162800F698D}.Release|ARM64.Build.0 = Release|Any CPU
		{2C90EE6D-52E3-4BA0-92D4-8162800F698D}.Release|iPhone.ActiveCfg = Release|Any CPU
		{2C90EE6D-52E3-4BA0-92D4-8162800F698D}.Release|iPhone.Build.0 = Release|Any CPU
		{2C90EE6D-52E3-4BA0-92D4-8162800F698D}.Release|iPhoneSimulator.ActiveCfg = Release|Any CPU
		{2C90EE6D-52E3-4BA0-92D4-8162800F698D}.Release|iPhoneSimulator.Build.0 = Release|Any CPU
		{2C90EE6D-52E3-4BA0-92D4-8162800F698D}.Release|x64.ActiveCfg = Release|Any CPU
		{2C90EE6D-52E3-4BA0-92D4-8162800F698D}.Release|x64.Build.0 = Release|Any CPU
		{2C90EE6D-52E3-4BA0-92D4-8162800F698D}.Release|x86.ActiveCfg = Release|Any CPU
		{2C90EE6D-52E3-4BA0-92D4-8162800F698D}.Release|x86.Build.0 = Release|Any CPU
		{F2B871B8-829F-4EF4-99A4-AB2FC9EEDA5E}.Debug|Any CPU.ActiveCfg = Debug|Any CPU
		{F2B871B8-829F-4EF4-99A4-AB2FC9EEDA5E}.Debug|Any CPU.Build.0 = Debug|Any CPU
		{F2B871B8-829F-4EF4-99A4-AB2FC9EEDA5E}.Debug|ARM.ActiveCfg = Debug|Any CPU
		{F2B871B8-829F-4EF4-99A4-AB2FC9EEDA5E}.Debug|ARM.Build.0 = Debug|Any CPU
		{F2B871B8-829F-4EF4-99A4-AB2FC9EEDA5E}.Debug|ARM64.ActiveCfg = Debug|Any CPU
		{F2B871B8-829F-4EF4-99A4-AB2FC9EEDA5E}.Debug|ARM64.Build.0 = Debug|Any CPU
		{F2B871B8-829F-4EF4-99A4-AB2FC9EEDA5E}.Debug|iPhone.ActiveCfg = Debug|Any CPU
		{F2B871B8-829F-4EF4-99A4-AB2FC9EEDA5E}.Debug|iPhone.Build.0 = Debug|Any CPU
		{F2B871B8-829F-4EF4-99A4-AB2FC9EEDA5E}.Debug|iPhoneSimulator.ActiveCfg = Debug|Any CPU
		{F2B871B8-829F-4EF4-99A4-AB2FC9EEDA5E}.Debug|iPhoneSimulator.Build.0 = Debug|Any CPU
		{F2B871B8-829F-4EF4-99A4-AB2FC9EEDA5E}.Debug|x64.ActiveCfg = Debug|Any CPU
		{F2B871B8-829F-4EF4-99A4-AB2FC9EEDA5E}.Debug|x64.Build.0 = Debug|Any CPU
		{F2B871B8-829F-4EF4-99A4-AB2FC9EEDA5E}.Debug|x86.ActiveCfg = Debug|Any CPU
		{F2B871B8-829F-4EF4-99A4-AB2FC9EEDA5E}.Debug|x86.Build.0 = Debug|Any CPU
		{F2B871B8-829F-4EF4-99A4-AB2FC9EEDA5E}.Release|Any CPU.ActiveCfg = Release|Any CPU
		{F2B871B8-829F-4EF4-99A4-AB2FC9EEDA5E}.Release|ARM.ActiveCfg = Release|Any CPU
		{F2B871B8-829F-4EF4-99A4-AB2FC9EEDA5E}.Release|ARM.Build.0 = Release|Any CPU
		{F2B871B8-829F-4EF4-99A4-AB2FC9EEDA5E}.Release|ARM64.ActiveCfg = Release|Any CPU
		{F2B871B8-829F-4EF4-99A4-AB2FC9EEDA5E}.Release|ARM64.Build.0 = Release|Any CPU
		{F2B871B8-829F-4EF4-99A4-AB2FC9EEDA5E}.Release|iPhone.ActiveCfg = Release|Any CPU
		{F2B871B8-829F-4EF4-99A4-AB2FC9EEDA5E}.Release|iPhone.Build.0 = Release|Any CPU
		{F2B871B8-829F-4EF4-99A4-AB2FC9EEDA5E}.Release|iPhoneSimulator.ActiveCfg = Release|Any CPU
		{F2B871B8-829F-4EF4-99A4-AB2FC9EEDA5E}.Release|iPhoneSimulator.Build.0 = Release|Any CPU
		{F2B871B8-829F-4EF4-99A4-AB2FC9EEDA5E}.Release|x64.ActiveCfg = Release|Any CPU
		{F2B871B8-829F-4EF4-99A4-AB2FC9EEDA5E}.Release|x64.Build.0 = Release|Any CPU
		{F2B871B8-829F-4EF4-99A4-AB2FC9EEDA5E}.Release|x86.ActiveCfg = Release|Any CPU
		{F2B871B8-829F-4EF4-99A4-AB2FC9EEDA5E}.Release|x86.Build.0 = Release|Any CPU
		{F99585D5-1C22-4206-AA0E-7B08B97997B6}.Debug|Any CPU.ActiveCfg = Debug|iPhone
		{F99585D5-1C22-4206-AA0E-7B08B97997B6}.Debug|Any CPU.Build.0 = Debug|iPhone
		{F99585D5-1C22-4206-AA0E-7B08B97997B6}.Debug|ARM.ActiveCfg = Debug|iPhone
		{F99585D5-1C22-4206-AA0E-7B08B97997B6}.Debug|ARM64.ActiveCfg = Debug|iPhoneSimulator
		{F99585D5-1C22-4206-AA0E-7B08B97997B6}.Debug|iPhone.ActiveCfg = Debug|iPhone
		{F99585D5-1C22-4206-AA0E-7B08B97997B6}.Debug|iPhone.Build.0 = Debug|iPhone
		{F99585D5-1C22-4206-AA0E-7B08B97997B6}.Debug|iPhoneSimulator.ActiveCfg = Debug|iPhoneSimulator
		{F99585D5-1C22-4206-AA0E-7B08B97997B6}.Debug|iPhoneSimulator.Build.0 = Debug|iPhoneSimulator
		{F99585D5-1C22-4206-AA0E-7B08B97997B6}.Debug|x64.ActiveCfg = Debug|iPhone
		{F99585D5-1C22-4206-AA0E-7B08B97997B6}.Debug|x86.ActiveCfg = Debug|iPhone
		{F99585D5-1C22-4206-AA0E-7B08B97997B6}.Release|Any CPU.ActiveCfg = Release|iPhone
		{F99585D5-1C22-4206-AA0E-7B08B97997B6}.Release|ARM.ActiveCfg = Release|iPhone
		{F99585D5-1C22-4206-AA0E-7B08B97997B6}.Release|ARM64.ActiveCfg = Release|iPhoneSimulator
		{F99585D5-1C22-4206-AA0E-7B08B97997B6}.Release|iPhone.ActiveCfg = Release|iPhone
		{F99585D5-1C22-4206-AA0E-7B08B97997B6}.Release|iPhone.Build.0 = Release|iPhone
		{F99585D5-1C22-4206-AA0E-7B08B97997B6}.Release|iPhoneSimulator.ActiveCfg = Release|iPhoneSimulator
		{F99585D5-1C22-4206-AA0E-7B08B97997B6}.Release|iPhoneSimulator.Build.0 = Release|iPhoneSimulator
		{F99585D5-1C22-4206-AA0E-7B08B97997B6}.Release|x64.ActiveCfg = Release|iPhone
		{F99585D5-1C22-4206-AA0E-7B08B97997B6}.Release|x86.ActiveCfg = Release|iPhone
		{E31E77D5-D5D5-4639-9F84-F2C9F59C2C8A}.Debug|Any CPU.ActiveCfg = Debug|Any CPU
		{E31E77D5-D5D5-4639-9F84-F2C9F59C2C8A}.Debug|Any CPU.Build.0 = Debug|Any CPU
		{E31E77D5-D5D5-4639-9F84-F2C9F59C2C8A}.Debug|ARM.ActiveCfg = Debug|Any CPU
		{E31E77D5-D5D5-4639-9F84-F2C9F59C2C8A}.Debug|ARM.Build.0 = Debug|Any CPU
		{E31E77D5-D5D5-4639-9F84-F2C9F59C2C8A}.Debug|ARM64.ActiveCfg = Debug|Any CPU
		{E31E77D5-D5D5-4639-9F84-F2C9F59C2C8A}.Debug|ARM64.Build.0 = Debug|Any CPU
		{E31E77D5-D5D5-4639-9F84-F2C9F59C2C8A}.Debug|iPhone.ActiveCfg = Debug|Any CPU
		{E31E77D5-D5D5-4639-9F84-F2C9F59C2C8A}.Debug|iPhone.Build.0 = Debug|Any CPU
		{E31E77D5-D5D5-4639-9F84-F2C9F59C2C8A}.Debug|iPhoneSimulator.ActiveCfg = Debug|Any CPU
		{E31E77D5-D5D5-4639-9F84-F2C9F59C2C8A}.Debug|iPhoneSimulator.Build.0 = Debug|Any CPU
		{E31E77D5-D5D5-4639-9F84-F2C9F59C2C8A}.Debug|x64.ActiveCfg = Debug|Any CPU
		{E31E77D5-D5D5-4639-9F84-F2C9F59C2C8A}.Debug|x64.Build.0 = Debug|Any CPU
		{E31E77D5-D5D5-4639-9F84-F2C9F59C2C8A}.Debug|x86.ActiveCfg = Debug|Any CPU
		{E31E77D5-D5D5-4639-9F84-F2C9F59C2C8A}.Debug|x86.Build.0 = Debug|Any CPU
		{E31E77D5-D5D5-4639-9F84-F2C9F59C2C8A}.Release|Any CPU.ActiveCfg = Release|Any CPU
		{E31E77D5-D5D5-4639-9F84-F2C9F59C2C8A}.Release|Any CPU.Build.0 = Release|Any CPU
		{E31E77D5-D5D5-4639-9F84-F2C9F59C2C8A}.Release|ARM.ActiveCfg = Release|Any CPU
		{E31E77D5-D5D5-4639-9F84-F2C9F59C2C8A}.Release|ARM.Build.0 = Release|Any CPU
		{E31E77D5-D5D5-4639-9F84-F2C9F59C2C8A}.Release|ARM64.ActiveCfg = Release|Any CPU
		{E31E77D5-D5D5-4639-9F84-F2C9F59C2C8A}.Release|ARM64.Build.0 = Release|Any CPU
		{E31E77D5-D5D5-4639-9F84-F2C9F59C2C8A}.Release|iPhone.ActiveCfg = Release|Any CPU
		{E31E77D5-D5D5-4639-9F84-F2C9F59C2C8A}.Release|iPhone.Build.0 = Release|Any CPU
		{E31E77D5-D5D5-4639-9F84-F2C9F59C2C8A}.Release|iPhoneSimulator.ActiveCfg = Release|Any CPU
		{E31E77D5-D5D5-4639-9F84-F2C9F59C2C8A}.Release|iPhoneSimulator.Build.0 = Release|Any CPU
		{E31E77D5-D5D5-4639-9F84-F2C9F59C2C8A}.Release|x64.ActiveCfg = Release|Any CPU
		{E31E77D5-D5D5-4639-9F84-F2C9F59C2C8A}.Release|x64.Build.0 = Release|Any CPU
		{E31E77D5-D5D5-4639-9F84-F2C9F59C2C8A}.Release|x86.ActiveCfg = Release|Any CPU
		{E31E77D5-D5D5-4639-9F84-F2C9F59C2C8A}.Release|x86.Build.0 = Release|Any CPU
		{AE1AD846-9BED-493D-9A4B-1F78BD7EE06A}.Debug|Any CPU.ActiveCfg = Debug|x86
		{AE1AD846-9BED-493D-9A4B-1F78BD7EE06A}.Debug|ARM.ActiveCfg = Debug|ARM
		{AE1AD846-9BED-493D-9A4B-1F78BD7EE06A}.Debug|ARM.Build.0 = Debug|ARM
		{AE1AD846-9BED-493D-9A4B-1F78BD7EE06A}.Debug|ARM.Deploy.0 = Debug|ARM
		{AE1AD846-9BED-493D-9A4B-1F78BD7EE06A}.Debug|ARM64.ActiveCfg = Debug|ARM64
		{AE1AD846-9BED-493D-9A4B-1F78BD7EE06A}.Debug|ARM64.Build.0 = Debug|ARM64
		{AE1AD846-9BED-493D-9A4B-1F78BD7EE06A}.Debug|ARM64.Deploy.0 = Debug|ARM64
		{AE1AD846-9BED-493D-9A4B-1F78BD7EE06A}.Debug|iPhone.ActiveCfg = Debug|x86
		{AE1AD846-9BED-493D-9A4B-1F78BD7EE06A}.Debug|iPhoneSimulator.ActiveCfg = Debug|x86
		{AE1AD846-9BED-493D-9A4B-1F78BD7EE06A}.Debug|x64.ActiveCfg = Debug|x64
		{AE1AD846-9BED-493D-9A4B-1F78BD7EE06A}.Debug|x64.Build.0 = Debug|x64
		{AE1AD846-9BED-493D-9A4B-1F78BD7EE06A}.Debug|x64.Deploy.0 = Debug|x64
		{AE1AD846-9BED-493D-9A4B-1F78BD7EE06A}.Debug|x86.ActiveCfg = Debug|x86
		{AE1AD846-9BED-493D-9A4B-1F78BD7EE06A}.Debug|x86.Build.0 = Debug|x86
		{AE1AD846-9BED-493D-9A4B-1F78BD7EE06A}.Debug|x86.Deploy.0 = Debug|x86
		{AE1AD846-9BED-493D-9A4B-1F78BD7EE06A}.Release|Any CPU.ActiveCfg = Release|x86
		{AE1AD846-9BED-493D-9A4B-1F78BD7EE06A}.Release|ARM.ActiveCfg = Release|ARM
		{AE1AD846-9BED-493D-9A4B-1F78BD7EE06A}.Release|ARM.Build.0 = Release|ARM
		{AE1AD846-9BED-493D-9A4B-1F78BD7EE06A}.Release|ARM.Deploy.0 = Release|ARM
		{AE1AD846-9BED-493D-9A4B-1F78BD7EE06A}.Release|ARM64.ActiveCfg = Release|ARM64
		{AE1AD846-9BED-493D-9A4B-1F78BD7EE06A}.Release|ARM64.Build.0 = Release|ARM64
		{AE1AD846-9BED-493D-9A4B-1F78BD7EE06A}.Release|ARM64.Deploy.0 = Release|ARM64
		{AE1AD846-9BED-493D-9A4B-1F78BD7EE06A}.Release|iPhone.ActiveCfg = Release|x86
		{AE1AD846-9BED-493D-9A4B-1F78BD7EE06A}.Release|iPhoneSimulator.ActiveCfg = Release|x86
		{AE1AD846-9BED-493D-9A4B-1F78BD7EE06A}.Release|x64.ActiveCfg = Release|x64
		{AE1AD846-9BED-493D-9A4B-1F78BD7EE06A}.Release|x64.Build.0 = Release|x64
		{AE1AD846-9BED-493D-9A4B-1F78BD7EE06A}.Release|x64.Deploy.0 = Release|x64
		{AE1AD846-9BED-493D-9A4B-1F78BD7EE06A}.Release|x86.ActiveCfg = Release|x86
		{AE1AD846-9BED-493D-9A4B-1F78BD7EE06A}.Release|x86.Build.0 = Release|x86
		{AE1AD846-9BED-493D-9A4B-1F78BD7EE06A}.Release|x86.Deploy.0 = Release|x86
		{9AD93704-ED70-45BE-8C51-8458AA7EA589}.Debug|Any CPU.ActiveCfg = Debug|Any CPU
		{9AD93704-ED70-45BE-8C51-8458AA7EA589}.Debug|Any CPU.Build.0 = Debug|Any CPU
		{9AD93704-ED70-45BE-8C51-8458AA7EA589}.Debug|Any CPU.Deploy.0 = Debug|Any CPU
		{9AD93704-ED70-45BE-8C51-8458AA7EA589}.Debug|ARM.ActiveCfg = Debug|Any CPU
		{9AD93704-ED70-45BE-8C51-8458AA7EA589}.Debug|ARM.Build.0 = Debug|Any CPU
		{9AD93704-ED70-45BE-8C51-8458AA7EA589}.Debug|ARM.Deploy.0 = Debug|Any CPU
		{9AD93704-ED70-45BE-8C51-8458AA7EA589}.Debug|ARM64.ActiveCfg = Debug|Any CPU
		{9AD93704-ED70-45BE-8C51-8458AA7EA589}.Debug|ARM64.Build.0 = Debug|Any CPU
		{9AD93704-ED70-45BE-8C51-8458AA7EA589}.Debug|ARM64.Deploy.0 = Debug|Any CPU
		{9AD93704-ED70-45BE-8C51-8458AA7EA589}.Debug|iPhone.ActiveCfg = Debug|Any CPU
		{9AD93704-ED70-45BE-8C51-8458AA7EA589}.Debug|iPhone.Build.0 = Debug|Any CPU
		{9AD93704-ED70-45BE-8C51-8458AA7EA589}.Debug|iPhone.Deploy.0 = Debug|Any CPU
		{9AD93704-ED70-45BE-8C51-8458AA7EA589}.Debug|iPhoneSimulator.ActiveCfg = Debug|Any CPU
		{9AD93704-ED70-45BE-8C51-8458AA7EA589}.Debug|iPhoneSimulator.Build.0 = Debug|Any CPU
		{9AD93704-ED70-45BE-8C51-8458AA7EA589}.Debug|iPhoneSimulator.Deploy.0 = Debug|Any CPU
		{9AD93704-ED70-45BE-8C51-8458AA7EA589}.Debug|x64.ActiveCfg = Debug|Any CPU
		{9AD93704-ED70-45BE-8C51-8458AA7EA589}.Debug|x64.Build.0 = Debug|Any CPU
		{9AD93704-ED70-45BE-8C51-8458AA7EA589}.Debug|x64.Deploy.0 = Debug|Any CPU
		{9AD93704-ED70-45BE-8C51-8458AA7EA589}.Debug|x86.ActiveCfg = Debug|Any CPU
		{9AD93704-ED70-45BE-8C51-8458AA7EA589}.Debug|x86.Build.0 = Debug|Any CPU
		{9AD93704-ED70-45BE-8C51-8458AA7EA589}.Debug|x86.Deploy.0 = Debug|Any CPU
		{9AD93704-ED70-45BE-8C51-8458AA7EA589}.Release|Any CPU.ActiveCfg = Release|Any CPU
		{9AD93704-ED70-45BE-8C51-8458AA7EA589}.Release|ARM.ActiveCfg = Release|Any CPU
		{9AD93704-ED70-45BE-8C51-8458AA7EA589}.Release|ARM.Build.0 = Release|Any CPU
		{9AD93704-ED70-45BE-8C51-8458AA7EA589}.Release|ARM.Deploy.0 = Release|Any CPU
		{9AD93704-ED70-45BE-8C51-8458AA7EA589}.Release|ARM64.ActiveCfg = Release|Any CPU
		{9AD93704-ED70-45BE-8C51-8458AA7EA589}.Release|ARM64.Build.0 = Release|Any CPU
		{9AD93704-ED70-45BE-8C51-8458AA7EA589}.Release|ARM64.Deploy.0 = Release|Any CPU
		{9AD93704-ED70-45BE-8C51-8458AA7EA589}.Release|iPhone.ActiveCfg = Release|Any CPU
		{9AD93704-ED70-45BE-8C51-8458AA7EA589}.Release|iPhone.Build.0 = Release|Any CPU
		{9AD93704-ED70-45BE-8C51-8458AA7EA589}.Release|iPhone.Deploy.0 = Release|Any CPU
		{9AD93704-ED70-45BE-8C51-8458AA7EA589}.Release|iPhoneSimulator.ActiveCfg = Release|Any CPU
		{9AD93704-ED70-45BE-8C51-8458AA7EA589}.Release|iPhoneSimulator.Build.0 = Release|Any CPU
		{9AD93704-ED70-45BE-8C51-8458AA7EA589}.Release|iPhoneSimulator.Deploy.0 = Release|Any CPU
		{9AD93704-ED70-45BE-8C51-8458AA7EA589}.Release|x64.ActiveCfg = Release|Any CPU
		{9AD93704-ED70-45BE-8C51-8458AA7EA589}.Release|x64.Build.0 = Release|Any CPU
		{9AD93704-ED70-45BE-8C51-8458AA7EA589}.Release|x64.Deploy.0 = Release|Any CPU
		{9AD93704-ED70-45BE-8C51-8458AA7EA589}.Release|x86.ActiveCfg = Release|Any CPU
		{9AD93704-ED70-45BE-8C51-8458AA7EA589}.Release|x86.Build.0 = Release|Any CPU
		{9AD93704-ED70-45BE-8C51-8458AA7EA589}.Release|x86.Deploy.0 = Release|Any CPU
		{18A8F892-730A-489C-9803-BCD9E2B67E6E}.Debug|Any CPU.ActiveCfg = Debug|x86
		{18A8F892-730A-489C-9803-BCD9E2B67E6E}.Debug|Any CPU.Build.0 = Debug|x86
		{18A8F892-730A-489C-9803-BCD9E2B67E6E}.Debug|ARM.ActiveCfg = Debug|x86
		{18A8F892-730A-489C-9803-BCD9E2B67E6E}.Debug|ARM.Build.0 = Debug|x86
		{18A8F892-730A-489C-9803-BCD9E2B67E6E}.Debug|ARM64.ActiveCfg = Debug|Any CPU
		{18A8F892-730A-489C-9803-BCD9E2B67E6E}.Debug|ARM64.Build.0 = Debug|Any CPU
		{18A8F892-730A-489C-9803-BCD9E2B67E6E}.Debug|iPhone.ActiveCfg = Debug|x86
		{18A8F892-730A-489C-9803-BCD9E2B67E6E}.Debug|iPhone.Build.0 = Debug|x86
		{18A8F892-730A-489C-9803-BCD9E2B67E6E}.Debug|iPhoneSimulator.ActiveCfg = Debug|x86
		{18A8F892-730A-489C-9803-BCD9E2B67E6E}.Debug|iPhoneSimulator.Build.0 = Debug|x86
		{18A8F892-730A-489C-9803-BCD9E2B67E6E}.Debug|x64.ActiveCfg = Debug|x86
		{18A8F892-730A-489C-9803-BCD9E2B67E6E}.Debug|x64.Build.0 = Debug|x86
		{18A8F892-730A-489C-9803-BCD9E2B67E6E}.Debug|x86.ActiveCfg = Debug|x86
		{18A8F892-730A-489C-9803-BCD9E2B67E6E}.Debug|x86.Build.0 = Debug|x86
		{18A8F892-730A-489C-9803-BCD9E2B67E6E}.Release|Any CPU.ActiveCfg = Release|Any CPU
		{18A8F892-730A-489C-9803-BCD9E2B67E6E}.Release|Any CPU.Build.0 = Release|Any CPU
		{18A8F892-730A-489C-9803-BCD9E2B67E6E}.Release|ARM.ActiveCfg = Release|Any CPU
		{18A8F892-730A-489C-9803-BCD9E2B67E6E}.Release|ARM.Build.0 = Release|Any CPU
		{18A8F892-730A-489C-9803-BCD9E2B67E6E}.Release|ARM64.ActiveCfg = Release|Any CPU
		{18A8F892-730A-489C-9803-BCD9E2B67E6E}.Release|ARM64.Build.0 = Release|Any CPU
		{18A8F892-730A-489C-9803-BCD9E2B67E6E}.Release|iPhone.ActiveCfg = Release|Any CPU
		{18A8F892-730A-489C-9803-BCD9E2B67E6E}.Release|iPhone.Build.0 = Release|Any CPU
		{18A8F892-730A-489C-9803-BCD9E2B67E6E}.Release|iPhoneSimulator.ActiveCfg = Release|Any CPU
		{18A8F892-730A-489C-9803-BCD9E2B67E6E}.Release|iPhoneSimulator.Build.0 = Release|Any CPU
		{18A8F892-730A-489C-9803-BCD9E2B67E6E}.Release|x64.ActiveCfg = Release|Any CPU
		{18A8F892-730A-489C-9803-BCD9E2B67E6E}.Release|x64.Build.0 = Release|Any CPU
		{18A8F892-730A-489C-9803-BCD9E2B67E6E}.Release|x86.ActiveCfg = Release|Any CPU
		{18A8F892-730A-489C-9803-BCD9E2B67E6E}.Release|x86.Build.0 = Release|Any CPU
		{A55C4940-BF6E-4D92-A8FE-D2425A29EE26}.Debug|Any CPU.ActiveCfg = Debug|Any CPU
		{A55C4940-BF6E-4D92-A8FE-D2425A29EE26}.Debug|Any CPU.Build.0 = Debug|Any CPU
		{A55C4940-BF6E-4D92-A8FE-D2425A29EE26}.Debug|ARM.ActiveCfg = Debug|Any CPU
		{A55C4940-BF6E-4D92-A8FE-D2425A29EE26}.Debug|ARM.Build.0 = Debug|Any CPU
		{A55C4940-BF6E-4D92-A8FE-D2425A29EE26}.Debug|ARM64.ActiveCfg = Debug|Any CPU
		{A55C4940-BF6E-4D92-A8FE-D2425A29EE26}.Debug|ARM64.Build.0 = Debug|Any CPU
		{A55C4940-BF6E-4D92-A8FE-D2425A29EE26}.Debug|iPhone.ActiveCfg = Debug|Any CPU
		{A55C4940-BF6E-4D92-A8FE-D2425A29EE26}.Debug|iPhone.Build.0 = Debug|Any CPU
		{A55C4940-BF6E-4D92-A8FE-D2425A29EE26}.Debug|iPhoneSimulator.ActiveCfg = Debug|Any CPU
		{A55C4940-BF6E-4D92-A8FE-D2425A29EE26}.Debug|iPhoneSimulator.Build.0 = Debug|Any CPU
		{A55C4940-BF6E-4D92-A8FE-D2425A29EE26}.Debug|x64.ActiveCfg = Debug|Any CPU
		{A55C4940-BF6E-4D92-A8FE-D2425A29EE26}.Debug|x64.Build.0 = Debug|Any CPU
		{A55C4940-BF6E-4D92-A8FE-D2425A29EE26}.Debug|x86.ActiveCfg = Debug|Any CPU
		{A55C4940-BF6E-4D92-A8FE-D2425A29EE26}.Debug|x86.Build.0 = Debug|Any CPU
		{A55C4940-BF6E-4D92-A8FE-D2425A29EE26}.Release|Any CPU.ActiveCfg = Release|Any CPU
		{A55C4940-BF6E-4D92-A8FE-D2425A29EE26}.Release|Any CPU.Build.0 = Release|Any CPU
		{A55C4940-BF6E-4D92-A8FE-D2425A29EE26}.Release|ARM.ActiveCfg = Release|Any CPU
		{A55C4940-BF6E-4D92-A8FE-D2425A29EE26}.Release|ARM.Build.0 = Release|Any CPU
		{A55C4940-BF6E-4D92-A8FE-D2425A29EE26}.Release|ARM64.ActiveCfg = Release|Any CPU
		{A55C4940-BF6E-4D92-A8FE-D2425A29EE26}.Release|ARM64.Build.0 = Release|Any CPU
		{A55C4940-BF6E-4D92-A8FE-D2425A29EE26}.Release|iPhone.ActiveCfg = Release|Any CPU
		{A55C4940-BF6E-4D92-A8FE-D2425A29EE26}.Release|iPhone.Build.0 = Release|Any CPU
		{A55C4940-BF6E-4D92-A8FE-D2425A29EE26}.Release|iPhoneSimulator.ActiveCfg = Release|Any CPU
		{A55C4940-BF6E-4D92-A8FE-D2425A29EE26}.Release|iPhoneSimulator.Build.0 = Release|Any CPU
		{A55C4940-BF6E-4D92-A8FE-D2425A29EE26}.Release|x64.ActiveCfg = Release|Any CPU
		{A55C4940-BF6E-4D92-A8FE-D2425A29EE26}.Release|x64.Build.0 = Release|Any CPU
		{A55C4940-BF6E-4D92-A8FE-D2425A29EE26}.Release|x86.ActiveCfg = Release|Any CPU
		{A55C4940-BF6E-4D92-A8FE-D2425A29EE26}.Release|x86.Build.0 = Release|Any CPU
		{75D6E5CD-5CE7-47B9-A7D4-78FF3C67E52E}.Debug|Any CPU.ActiveCfg = Debug|Any CPU
		{75D6E5CD-5CE7-47B9-A7D4-78FF3C67E52E}.Debug|Any CPU.Build.0 = Debug|Any CPU
		{75D6E5CD-5CE7-47B9-A7D4-78FF3C67E52E}.Debug|ARM.ActiveCfg = Debug|Any CPU
		{75D6E5CD-5CE7-47B9-A7D4-78FF3C67E52E}.Debug|ARM.Build.0 = Debug|Any CPU
		{75D6E5CD-5CE7-47B9-A7D4-78FF3C67E52E}.Debug|ARM64.ActiveCfg = Debug|Any CPU
		{75D6E5CD-5CE7-47B9-A7D4-78FF3C67E52E}.Debug|ARM64.Build.0 = Debug|Any CPU
		{75D6E5CD-5CE7-47B9-A7D4-78FF3C67E52E}.Debug|iPhone.ActiveCfg = Debug|Any CPU
		{75D6E5CD-5CE7-47B9-A7D4-78FF3C67E52E}.Debug|iPhone.Build.0 = Debug|Any CPU
		{75D6E5CD-5CE7-47B9-A7D4-78FF3C67E52E}.Debug|iPhoneSimulator.ActiveCfg = Debug|Any CPU
		{75D6E5CD-5CE7-47B9-A7D4-78FF3C67E52E}.Debug|iPhoneSimulator.Build.0 = Debug|Any CPU
		{75D6E5CD-5CE7-47B9-A7D4-78FF3C67E52E}.Debug|x64.ActiveCfg = Debug|Any CPU
		{75D6E5CD-5CE7-47B9-A7D4-78FF3C67E52E}.Debug|x64.Build.0 = Debug|Any CPU
		{75D6E5CD-5CE7-47B9-A7D4-78FF3C67E52E}.Debug|x86.ActiveCfg = Debug|Any CPU
		{75D6E5CD-5CE7-47B9-A7D4-78FF3C67E52E}.Debug|x86.Build.0 = Debug|Any CPU
		{75D6E5CD-5CE7-47B9-A7D4-78FF3C67E52E}.Release|Any CPU.ActiveCfg = Release|Any CPU
		{75D6E5CD-5CE7-47B9-A7D4-78FF3C67E52E}.Release|Any CPU.Build.0 = Release|Any CPU
		{75D6E5CD-5CE7-47B9-A7D4-78FF3C67E52E}.Release|ARM.ActiveCfg = Release|Any CPU
		{75D6E5CD-5CE7-47B9-A7D4-78FF3C67E52E}.Release|ARM.Build.0 = Release|Any CPU
		{75D6E5CD-5CE7-47B9-A7D4-78FF3C67E52E}.Release|ARM64.ActiveCfg = Release|Any CPU
		{75D6E5CD-5CE7-47B9-A7D4-78FF3C67E52E}.Release|ARM64.Build.0 = Release|Any CPU
		{75D6E5CD-5CE7-47B9-A7D4-78FF3C67E52E}.Release|iPhone.ActiveCfg = Release|Any CPU
		{75D6E5CD-5CE7-47B9-A7D4-78FF3C67E52E}.Release|iPhone.Build.0 = Release|Any CPU
		{75D6E5CD-5CE7-47B9-A7D4-78FF3C67E52E}.Release|iPhoneSimulator.ActiveCfg = Release|Any CPU
		{75D6E5CD-5CE7-47B9-A7D4-78FF3C67E52E}.Release|iPhoneSimulator.Build.0 = Release|Any CPU
		{75D6E5CD-5CE7-47B9-A7D4-78FF3C67E52E}.Release|x64.ActiveCfg = Release|Any CPU
		{75D6E5CD-5CE7-47B9-A7D4-78FF3C67E52E}.Release|x64.Build.0 = Release|Any CPU
		{75D6E5CD-5CE7-47B9-A7D4-78FF3C67E52E}.Release|x86.ActiveCfg = Release|Any CPU
		{75D6E5CD-5CE7-47B9-A7D4-78FF3C67E52E}.Release|x86.Build.0 = Release|Any CPU
		{46311A3A-68B2-4697-A766-27CEAF066BC8}.Debug|Any CPU.ActiveCfg = Debug|Any CPU
		{46311A3A-68B2-4697-A766-27CEAF066BC8}.Debug|Any CPU.Build.0 = Debug|Any CPU
		{46311A3A-68B2-4697-A766-27CEAF066BC8}.Debug|ARM.ActiveCfg = Debug|Any CPU
		{46311A3A-68B2-4697-A766-27CEAF066BC8}.Debug|ARM.Build.0 = Debug|Any CPU
		{46311A3A-68B2-4697-A766-27CEAF066BC8}.Debug|ARM64.ActiveCfg = Debug|Any CPU
		{46311A3A-68B2-4697-A766-27CEAF066BC8}.Debug|ARM64.Build.0 = Debug|Any CPU
		{46311A3A-68B2-4697-A766-27CEAF066BC8}.Debug|iPhone.ActiveCfg = Debug|Any CPU
		{46311A3A-68B2-4697-A766-27CEAF066BC8}.Debug|iPhone.Build.0 = Debug|Any CPU
		{46311A3A-68B2-4697-A766-27CEAF066BC8}.Debug|iPhoneSimulator.ActiveCfg = Debug|Any CPU
		{46311A3A-68B2-4697-A766-27CEAF066BC8}.Debug|iPhoneSimulator.Build.0 = Debug|Any CPU
		{46311A3A-68B2-4697-A766-27CEAF066BC8}.Debug|x64.ActiveCfg = Debug|Any CPU
		{46311A3A-68B2-4697-A766-27CEAF066BC8}.Debug|x64.Build.0 = Debug|Any CPU
		{46311A3A-68B2-4697-A766-27CEAF066BC8}.Debug|x86.ActiveCfg = Debug|Any CPU
		{46311A3A-68B2-4697-A766-27CEAF066BC8}.Debug|x86.Build.0 = Debug|Any CPU
		{46311A3A-68B2-4697-A766-27CEAF066BC8}.Release|Any CPU.ActiveCfg = Release|Any CPU
		{46311A3A-68B2-4697-A766-27CEAF066BC8}.Release|Any CPU.Build.0 = Release|Any CPU
		{46311A3A-68B2-4697-A766-27CEAF066BC8}.Release|ARM.ActiveCfg = Release|Any CPU
		{46311A3A-68B2-4697-A766-27CEAF066BC8}.Release|ARM.Build.0 = Release|Any CPU
		{46311A3A-68B2-4697-A766-27CEAF066BC8}.Release|ARM64.ActiveCfg = Release|Any CPU
		{46311A3A-68B2-4697-A766-27CEAF066BC8}.Release|ARM64.Build.0 = Release|Any CPU
		{46311A3A-68B2-4697-A766-27CEAF066BC8}.Release|iPhone.ActiveCfg = Release|Any CPU
		{46311A3A-68B2-4697-A766-27CEAF066BC8}.Release|iPhone.Build.0 = Release|Any CPU
		{46311A3A-68B2-4697-A766-27CEAF066BC8}.Release|iPhoneSimulator.ActiveCfg = Release|Any CPU
		{46311A3A-68B2-4697-A766-27CEAF066BC8}.Release|iPhoneSimulator.Build.0 = Release|Any CPU
		{46311A3A-68B2-4697-A766-27CEAF066BC8}.Release|x64.ActiveCfg = Release|Any CPU
		{46311A3A-68B2-4697-A766-27CEAF066BC8}.Release|x64.Build.0 = Release|Any CPU
		{46311A3A-68B2-4697-A766-27CEAF066BC8}.Release|x86.ActiveCfg = Release|Any CPU
		{46311A3A-68B2-4697-A766-27CEAF066BC8}.Release|x86.Build.0 = Release|Any CPU
		{5AA10527-6EB1-4C0C-BC78-1BD60F646FB5}.Debug|Any CPU.ActiveCfg = Debug|Any CPU
		{5AA10527-6EB1-4C0C-BC78-1BD60F646FB5}.Debug|Any CPU.Build.0 = Debug|Any CPU
		{5AA10527-6EB1-4C0C-BC78-1BD60F646FB5}.Debug|ARM.ActiveCfg = Debug|Any CPU
		{5AA10527-6EB1-4C0C-BC78-1BD60F646FB5}.Debug|ARM.Build.0 = Debug|Any CPU
		{5AA10527-6EB1-4C0C-BC78-1BD60F646FB5}.Debug|ARM64.ActiveCfg = Debug|Any CPU
		{5AA10527-6EB1-4C0C-BC78-1BD60F646FB5}.Debug|ARM64.Build.0 = Debug|Any CPU
		{5AA10527-6EB1-4C0C-BC78-1BD60F646FB5}.Debug|iPhone.ActiveCfg = Debug|Any CPU
		{5AA10527-6EB1-4C0C-BC78-1BD60F646FB5}.Debug|iPhone.Build.0 = Debug|Any CPU
		{5AA10527-6EB1-4C0C-BC78-1BD60F646FB5}.Debug|iPhoneSimulator.ActiveCfg = Debug|Any CPU
		{5AA10527-6EB1-4C0C-BC78-1BD60F646FB5}.Debug|iPhoneSimulator.Build.0 = Debug|Any CPU
		{5AA10527-6EB1-4C0C-BC78-1BD60F646FB5}.Debug|x64.ActiveCfg = Debug|Any CPU
		{5AA10527-6EB1-4C0C-BC78-1BD60F646FB5}.Debug|x64.Build.0 = Debug|Any CPU
		{5AA10527-6EB1-4C0C-BC78-1BD60F646FB5}.Debug|x86.ActiveCfg = Debug|Any CPU
		{5AA10527-6EB1-4C0C-BC78-1BD60F646FB5}.Debug|x86.Build.0 = Debug|Any CPU
		{5AA10527-6EB1-4C0C-BC78-1BD60F646FB5}.Release|Any CPU.ActiveCfg = Release|Any CPU
		{5AA10527-6EB1-4C0C-BC78-1BD60F646FB5}.Release|Any CPU.Build.0 = Release|Any CPU
		{5AA10527-6EB1-4C0C-BC78-1BD60F646FB5}.Release|ARM.ActiveCfg = Release|Any CPU
		{5AA10527-6EB1-4C0C-BC78-1BD60F646FB5}.Release|ARM.Build.0 = Release|Any CPU
		{5AA10527-6EB1-4C0C-BC78-1BD60F646FB5}.Release|ARM64.ActiveCfg = Release|Any CPU
		{5AA10527-6EB1-4C0C-BC78-1BD60F646FB5}.Release|ARM64.Build.0 = Release|Any CPU
		{5AA10527-6EB1-4C0C-BC78-1BD60F646FB5}.Release|iPhone.ActiveCfg = Release|Any CPU
		{5AA10527-6EB1-4C0C-BC78-1BD60F646FB5}.Release|iPhone.Build.0 = Release|Any CPU
		{5AA10527-6EB1-4C0C-BC78-1BD60F646FB5}.Release|iPhoneSimulator.ActiveCfg = Release|Any CPU
		{5AA10527-6EB1-4C0C-BC78-1BD60F646FB5}.Release|iPhoneSimulator.Build.0 = Release|Any CPU
		{5AA10527-6EB1-4C0C-BC78-1BD60F646FB5}.Release|x64.ActiveCfg = Release|Any CPU
		{5AA10527-6EB1-4C0C-BC78-1BD60F646FB5}.Release|x64.Build.0 = Release|Any CPU
		{5AA10527-6EB1-4C0C-BC78-1BD60F646FB5}.Release|x86.ActiveCfg = Release|Any CPU
		{5AA10527-6EB1-4C0C-BC78-1BD60F646FB5}.Release|x86.Build.0 = Release|Any CPU
		{C51ECCD1-6360-4775-B258-7DD9C369022D}.Debug|Any CPU.ActiveCfg = Debug|Any CPU
		{C51ECCD1-6360-4775-B258-7DD9C369022D}.Debug|Any CPU.Build.0 = Debug|Any CPU
		{C51ECCD1-6360-4775-B258-7DD9C369022D}.Debug|ARM.ActiveCfg = Debug|Any CPU
		{C51ECCD1-6360-4775-B258-7DD9C369022D}.Debug|ARM.Build.0 = Debug|Any CPU
		{C51ECCD1-6360-4775-B258-7DD9C369022D}.Debug|ARM64.ActiveCfg = Debug|Any CPU
		{C51ECCD1-6360-4775-B258-7DD9C369022D}.Debug|ARM64.Build.0 = Debug|Any CPU
		{C51ECCD1-6360-4775-B258-7DD9C369022D}.Debug|iPhone.ActiveCfg = Debug|Any CPU
		{C51ECCD1-6360-4775-B258-7DD9C369022D}.Debug|iPhone.Build.0 = Debug|Any CPU
		{C51ECCD1-6360-4775-B258-7DD9C369022D}.Debug|iPhoneSimulator.ActiveCfg = Debug|Any CPU
		{C51ECCD1-6360-4775-B258-7DD9C369022D}.Debug|iPhoneSimulator.Build.0 = Debug|Any CPU
		{C51ECCD1-6360-4775-B258-7DD9C369022D}.Debug|x64.ActiveCfg = Debug|Any CPU
		{C51ECCD1-6360-4775-B258-7DD9C369022D}.Debug|x64.Build.0 = Debug|Any CPU
		{C51ECCD1-6360-4775-B258-7DD9C369022D}.Debug|x86.ActiveCfg = Debug|Any CPU
		{C51ECCD1-6360-4775-B258-7DD9C369022D}.Debug|x86.Build.0 = Debug|Any CPU
		{C51ECCD1-6360-4775-B258-7DD9C369022D}.Release|Any CPU.ActiveCfg = Release|Any CPU
		{C51ECCD1-6360-4775-B258-7DD9C369022D}.Release|Any CPU.Build.0 = Release|Any CPU
		{C51ECCD1-6360-4775-B258-7DD9C369022D}.Release|ARM.ActiveCfg = Release|Any CPU
		{C51ECCD1-6360-4775-B258-7DD9C369022D}.Release|ARM.Build.0 = Release|Any CPU
		{C51ECCD1-6360-4775-B258-7DD9C369022D}.Release|ARM64.ActiveCfg = Release|Any CPU
		{C51ECCD1-6360-4775-B258-7DD9C369022D}.Release|ARM64.Build.0 = Release|Any CPU
		{C51ECCD1-6360-4775-B258-7DD9C369022D}.Release|iPhone.ActiveCfg = Release|Any CPU
		{C51ECCD1-6360-4775-B258-7DD9C369022D}.Release|iPhone.Build.0 = Release|Any CPU
		{C51ECCD1-6360-4775-B258-7DD9C369022D}.Release|iPhoneSimulator.ActiveCfg = Release|Any CPU
		{C51ECCD1-6360-4775-B258-7DD9C369022D}.Release|iPhoneSimulator.Build.0 = Release|Any CPU
		{C51ECCD1-6360-4775-B258-7DD9C369022D}.Release|x64.ActiveCfg = Release|Any CPU
		{C51ECCD1-6360-4775-B258-7DD9C369022D}.Release|x64.Build.0 = Release|Any CPU
		{C51ECCD1-6360-4775-B258-7DD9C369022D}.Release|x86.ActiveCfg = Release|Any CPU
		{C51ECCD1-6360-4775-B258-7DD9C369022D}.Release|x86.Build.0 = Release|Any CPU
		{EAD68BE2-6108-41A2-882B-D7A8D2CC12C2}.Debug|Any CPU.ActiveCfg = Debug|Any CPU
		{EAD68BE2-6108-41A2-882B-D7A8D2CC12C2}.Debug|Any CPU.Build.0 = Debug|Any CPU
		{EAD68BE2-6108-41A2-882B-D7A8D2CC12C2}.Debug|Any CPU.Deploy.0 = Debug|Any CPU
		{EAD68BE2-6108-41A2-882B-D7A8D2CC12C2}.Debug|ARM.ActiveCfg = Debug|Any CPU
		{EAD68BE2-6108-41A2-882B-D7A8D2CC12C2}.Debug|ARM.Build.0 = Debug|Any CPU
		{EAD68BE2-6108-41A2-882B-D7A8D2CC12C2}.Debug|ARM.Deploy.0 = Debug|Any CPU
		{EAD68BE2-6108-41A2-882B-D7A8D2CC12C2}.Debug|ARM64.ActiveCfg = Debug|Any CPU
		{EAD68BE2-6108-41A2-882B-D7A8D2CC12C2}.Debug|ARM64.Build.0 = Debug|Any CPU
		{EAD68BE2-6108-41A2-882B-D7A8D2CC12C2}.Debug|ARM64.Deploy.0 = Debug|Any CPU
		{EAD68BE2-6108-41A2-882B-D7A8D2CC12C2}.Debug|iPhone.ActiveCfg = Debug|Any CPU
		{EAD68BE2-6108-41A2-882B-D7A8D2CC12C2}.Debug|iPhone.Build.0 = Debug|Any CPU
		{EAD68BE2-6108-41A2-882B-D7A8D2CC12C2}.Debug|iPhone.Deploy.0 = Debug|Any CPU
		{EAD68BE2-6108-41A2-882B-D7A8D2CC12C2}.Debug|iPhoneSimulator.ActiveCfg = Debug|Any CPU
		{EAD68BE2-6108-41A2-882B-D7A8D2CC12C2}.Debug|iPhoneSimulator.Build.0 = Debug|Any CPU
		{EAD68BE2-6108-41A2-882B-D7A8D2CC12C2}.Debug|iPhoneSimulator.Deploy.0 = Debug|Any CPU
		{EAD68BE2-6108-41A2-882B-D7A8D2CC12C2}.Debug|x64.ActiveCfg = Debug|Any CPU
		{EAD68BE2-6108-41A2-882B-D7A8D2CC12C2}.Debug|x64.Build.0 = Debug|Any CPU
		{EAD68BE2-6108-41A2-882B-D7A8D2CC12C2}.Debug|x64.Deploy.0 = Debug|Any CPU
		{EAD68BE2-6108-41A2-882B-D7A8D2CC12C2}.Debug|x86.ActiveCfg = Debug|Any CPU
		{EAD68BE2-6108-41A2-882B-D7A8D2CC12C2}.Debug|x86.Build.0 = Debug|Any CPU
		{EAD68BE2-6108-41A2-882B-D7A8D2CC12C2}.Debug|x86.Deploy.0 = Debug|Any CPU
		{EAD68BE2-6108-41A2-882B-D7A8D2CC12C2}.Release|Any CPU.ActiveCfg = Release|Any CPU
		{EAD68BE2-6108-41A2-882B-D7A8D2CC12C2}.Release|Any CPU.Build.0 = Release|Any CPU
		{EAD68BE2-6108-41A2-882B-D7A8D2CC12C2}.Release|Any CPU.Deploy.0 = Release|Any CPU
		{EAD68BE2-6108-41A2-882B-D7A8D2CC12C2}.Release|ARM.ActiveCfg = Release|Any CPU
		{EAD68BE2-6108-41A2-882B-D7A8D2CC12C2}.Release|ARM.Build.0 = Release|Any CPU
		{EAD68BE2-6108-41A2-882B-D7A8D2CC12C2}.Release|ARM.Deploy.0 = Release|Any CPU
		{EAD68BE2-6108-41A2-882B-D7A8D2CC12C2}.Release|ARM64.ActiveCfg = Release|Any CPU
		{EAD68BE2-6108-41A2-882B-D7A8D2CC12C2}.Release|ARM64.Build.0 = Release|Any CPU
		{EAD68BE2-6108-41A2-882B-D7A8D2CC12C2}.Release|ARM64.Deploy.0 = Release|Any CPU
		{EAD68BE2-6108-41A2-882B-D7A8D2CC12C2}.Release|iPhone.ActiveCfg = Release|Any CPU
		{EAD68BE2-6108-41A2-882B-D7A8D2CC12C2}.Release|iPhone.Build.0 = Release|Any CPU
		{EAD68BE2-6108-41A2-882B-D7A8D2CC12C2}.Release|iPhone.Deploy.0 = Release|Any CPU
		{EAD68BE2-6108-41A2-882B-D7A8D2CC12C2}.Release|iPhoneSimulator.ActiveCfg = Release|Any CPU
		{EAD68BE2-6108-41A2-882B-D7A8D2CC12C2}.Release|iPhoneSimulator.Build.0 = Release|Any CPU
		{EAD68BE2-6108-41A2-882B-D7A8D2CC12C2}.Release|iPhoneSimulator.Deploy.0 = Release|Any CPU
		{EAD68BE2-6108-41A2-882B-D7A8D2CC12C2}.Release|x64.ActiveCfg = Release|Any CPU
		{EAD68BE2-6108-41A2-882B-D7A8D2CC12C2}.Release|x64.Build.0 = Release|Any CPU
		{EAD68BE2-6108-41A2-882B-D7A8D2CC12C2}.Release|x64.Deploy.0 = Release|Any CPU
		{EAD68BE2-6108-41A2-882B-D7A8D2CC12C2}.Release|x86.ActiveCfg = Release|Any CPU
		{EAD68BE2-6108-41A2-882B-D7A8D2CC12C2}.Release|x86.Build.0 = Release|Any CPU
		{EAD68BE2-6108-41A2-882B-D7A8D2CC12C2}.Release|x86.Deploy.0 = Release|Any CPU
		{38EECE43-BF64-4060-B033-D2D43A3D7AC1}.Debug|Any CPU.ActiveCfg = Debug|Any CPU
		{38EECE43-BF64-4060-B033-D2D43A3D7AC1}.Debug|Any CPU.Build.0 = Debug|Any CPU
		{38EECE43-BF64-4060-B033-D2D43A3D7AC1}.Debug|ARM.ActiveCfg = Debug|Any CPU
		{38EECE43-BF64-4060-B033-D2D43A3D7AC1}.Debug|ARM.Build.0 = Debug|Any CPU
		{38EECE43-BF64-4060-B033-D2D43A3D7AC1}.Debug|ARM64.ActiveCfg = Debug|Any CPU
		{38EECE43-BF64-4060-B033-D2D43A3D7AC1}.Debug|ARM64.Build.0 = Debug|Any CPU
		{38EECE43-BF64-4060-B033-D2D43A3D7AC1}.Debug|iPhone.ActiveCfg = Debug|Any CPU
		{38EECE43-BF64-4060-B033-D2D43A3D7AC1}.Debug|iPhone.Build.0 = Debug|Any CPU
		{38EECE43-BF64-4060-B033-D2D43A3D7AC1}.Debug|iPhoneSimulator.ActiveCfg = Debug|Any CPU
		{38EECE43-BF64-4060-B033-D2D43A3D7AC1}.Debug|iPhoneSimulator.Build.0 = Debug|Any CPU
		{38EECE43-BF64-4060-B033-D2D43A3D7AC1}.Debug|x64.ActiveCfg = Debug|Any CPU
		{38EECE43-BF64-4060-B033-D2D43A3D7AC1}.Debug|x64.Build.0 = Debug|Any CPU
		{38EECE43-BF64-4060-B033-D2D43A3D7AC1}.Debug|x86.ActiveCfg = Debug|Any CPU
		{38EECE43-BF64-4060-B033-D2D43A3D7AC1}.Debug|x86.Build.0 = Debug|Any CPU
		{38EECE43-BF64-4060-B033-D2D43A3D7AC1}.Release|Any CPU.ActiveCfg = Release|Any CPU
		{38EECE43-BF64-4060-B033-D2D43A3D7AC1}.Release|Any CPU.Build.0 = Release|Any CPU
		{38EECE43-BF64-4060-B033-D2D43A3D7AC1}.Release|ARM.ActiveCfg = Release|Any CPU
		{38EECE43-BF64-4060-B033-D2D43A3D7AC1}.Release|ARM.Build.0 = Release|Any CPU
		{38EECE43-BF64-4060-B033-D2D43A3D7AC1}.Release|ARM64.ActiveCfg = Release|Any CPU
		{38EECE43-BF64-4060-B033-D2D43A3D7AC1}.Release|ARM64.Build.0 = Release|Any CPU
		{38EECE43-BF64-4060-B033-D2D43A3D7AC1}.Release|iPhone.ActiveCfg = Release|Any CPU
		{38EECE43-BF64-4060-B033-D2D43A3D7AC1}.Release|iPhone.Build.0 = Release|Any CPU
		{38EECE43-BF64-4060-B033-D2D43A3D7AC1}.Release|iPhoneSimulator.ActiveCfg = Release|Any CPU
		{38EECE43-BF64-4060-B033-D2D43A3D7AC1}.Release|iPhoneSimulator.Build.0 = Release|Any CPU
		{38EECE43-BF64-4060-B033-D2D43A3D7AC1}.Release|x64.ActiveCfg = Release|Any CPU
		{38EECE43-BF64-4060-B033-D2D43A3D7AC1}.Release|x64.Build.0 = Release|Any CPU
		{38EECE43-BF64-4060-B033-D2D43A3D7AC1}.Release|x86.ActiveCfg = Release|Any CPU
		{38EECE43-BF64-4060-B033-D2D43A3D7AC1}.Release|x86.Build.0 = Release|Any CPU
		{63E9727D-5A71-431E-9A9F-AD3CBBB40D03}.Debug|Any CPU.ActiveCfg = Debug|Any CPU
		{63E9727D-5A71-431E-9A9F-AD3CBBB40D03}.Debug|Any CPU.Build.0 = Debug|Any CPU
		{63E9727D-5A71-431E-9A9F-AD3CBBB40D03}.Debug|Any CPU.Deploy.0 = Debug|Any CPU
		{63E9727D-5A71-431E-9A9F-AD3CBBB40D03}.Debug|ARM.ActiveCfg = Debug|Any CPU
		{63E9727D-5A71-431E-9A9F-AD3CBBB40D03}.Debug|ARM.Build.0 = Debug|Any CPU
		{63E9727D-5A71-431E-9A9F-AD3CBBB40D03}.Debug|ARM.Deploy.0 = Debug|Any CPU
		{63E9727D-5A71-431E-9A9F-AD3CBBB40D03}.Debug|ARM64.ActiveCfg = Debug|Any CPU
		{63E9727D-5A71-431E-9A9F-AD3CBBB40D03}.Debug|ARM64.Build.0 = Debug|Any CPU
		{63E9727D-5A71-431E-9A9F-AD3CBBB40D03}.Debug|ARM64.Deploy.0 = Debug|Any CPU
		{63E9727D-5A71-431E-9A9F-AD3CBBB40D03}.Debug|iPhone.ActiveCfg = Debug|Any CPU
		{63E9727D-5A71-431E-9A9F-AD3CBBB40D03}.Debug|iPhone.Build.0 = Debug|Any CPU
		{63E9727D-5A71-431E-9A9F-AD3CBBB40D03}.Debug|iPhone.Deploy.0 = Debug|Any CPU
		{63E9727D-5A71-431E-9A9F-AD3CBBB40D03}.Debug|iPhoneSimulator.ActiveCfg = Debug|Any CPU
		{63E9727D-5A71-431E-9A9F-AD3CBBB40D03}.Debug|iPhoneSimulator.Build.0 = Debug|Any CPU
		{63E9727D-5A71-431E-9A9F-AD3CBBB40D03}.Debug|iPhoneSimulator.Deploy.0 = Debug|Any CPU
		{63E9727D-5A71-431E-9A9F-AD3CBBB40D03}.Debug|x64.ActiveCfg = Debug|Any CPU
		{63E9727D-5A71-431E-9A9F-AD3CBBB40D03}.Debug|x64.Build.0 = Debug|Any CPU
		{63E9727D-5A71-431E-9A9F-AD3CBBB40D03}.Debug|x64.Deploy.0 = Debug|Any CPU
		{63E9727D-5A71-431E-9A9F-AD3CBBB40D03}.Debug|x86.ActiveCfg = Debug|Any CPU
		{63E9727D-5A71-431E-9A9F-AD3CBBB40D03}.Debug|x86.Build.0 = Debug|Any CPU
		{63E9727D-5A71-431E-9A9F-AD3CBBB40D03}.Debug|x86.Deploy.0 = Debug|Any CPU
		{63E9727D-5A71-431E-9A9F-AD3CBBB40D03}.Release|Any CPU.ActiveCfg = Release|Any CPU
		{63E9727D-5A71-431E-9A9F-AD3CBBB40D03}.Release|Any CPU.Build.0 = Release|Any CPU
		{63E9727D-5A71-431E-9A9F-AD3CBBB40D03}.Release|Any CPU.Deploy.0 = Release|Any CPU
		{63E9727D-5A71-431E-9A9F-AD3CBBB40D03}.Release|ARM.ActiveCfg = Release|Any CPU
		{63E9727D-5A71-431E-9A9F-AD3CBBB40D03}.Release|ARM.Build.0 = Release|Any CPU
		{63E9727D-5A71-431E-9A9F-AD3CBBB40D03}.Release|ARM.Deploy.0 = Release|Any CPU
		{63E9727D-5A71-431E-9A9F-AD3CBBB40D03}.Release|ARM64.ActiveCfg = Release|Any CPU
		{63E9727D-5A71-431E-9A9F-AD3CBBB40D03}.Release|ARM64.Build.0 = Release|Any CPU
		{63E9727D-5A71-431E-9A9F-AD3CBBB40D03}.Release|ARM64.Deploy.0 = Release|Any CPU
		{63E9727D-5A71-431E-9A9F-AD3CBBB40D03}.Release|iPhone.ActiveCfg = Release|Any CPU
		{63E9727D-5A71-431E-9A9F-AD3CBBB40D03}.Release|iPhone.Build.0 = Release|Any CPU
		{63E9727D-5A71-431E-9A9F-AD3CBBB40D03}.Release|iPhone.Deploy.0 = Release|Any CPU
		{63E9727D-5A71-431E-9A9F-AD3CBBB40D03}.Release|iPhoneSimulator.ActiveCfg = Release|Any CPU
		{63E9727D-5A71-431E-9A9F-AD3CBBB40D03}.Release|iPhoneSimulator.Build.0 = Release|Any CPU
		{63E9727D-5A71-431E-9A9F-AD3CBBB40D03}.Release|iPhoneSimulator.Deploy.0 = Release|Any CPU
		{63E9727D-5A71-431E-9A9F-AD3CBBB40D03}.Release|x64.ActiveCfg = Release|Any CPU
		{63E9727D-5A71-431E-9A9F-AD3CBBB40D03}.Release|x64.Build.0 = Release|Any CPU
		{63E9727D-5A71-431E-9A9F-AD3CBBB40D03}.Release|x64.Deploy.0 = Release|Any CPU
		{63E9727D-5A71-431E-9A9F-AD3CBBB40D03}.Release|x86.ActiveCfg = Release|Any CPU
		{63E9727D-5A71-431E-9A9F-AD3CBBB40D03}.Release|x86.Build.0 = Release|Any CPU
		{63E9727D-5A71-431E-9A9F-AD3CBBB40D03}.Release|x86.Deploy.0 = Release|Any CPU
		{F57CEC0F-D96E-43BF-94B8-EC57F823CC51}.Debug|Any CPU.ActiveCfg = Debug|Any CPU
		{F57CEC0F-D96E-43BF-94B8-EC57F823CC51}.Debug|Any CPU.Build.0 = Debug|Any CPU
		{F57CEC0F-D96E-43BF-94B8-EC57F823CC51}.Debug|ARM.ActiveCfg = Debug|Any CPU
		{F57CEC0F-D96E-43BF-94B8-EC57F823CC51}.Debug|ARM.Build.0 = Debug|Any CPU
		{F57CEC0F-D96E-43BF-94B8-EC57F823CC51}.Debug|ARM64.ActiveCfg = Debug|Any CPU
		{F57CEC0F-D96E-43BF-94B8-EC57F823CC51}.Debug|ARM64.Build.0 = Debug|Any CPU
		{F57CEC0F-D96E-43BF-94B8-EC57F823CC51}.Debug|iPhone.ActiveCfg = Debug|Any CPU
		{F57CEC0F-D96E-43BF-94B8-EC57F823CC51}.Debug|iPhone.Build.0 = Debug|Any CPU
		{F57CEC0F-D96E-43BF-94B8-EC57F823CC51}.Debug|iPhoneSimulator.ActiveCfg = Debug|Any CPU
		{F57CEC0F-D96E-43BF-94B8-EC57F823CC51}.Debug|iPhoneSimulator.Build.0 = Debug|Any CPU
		{F57CEC0F-D96E-43BF-94B8-EC57F823CC51}.Debug|x64.ActiveCfg = Debug|Any CPU
		{F57CEC0F-D96E-43BF-94B8-EC57F823CC51}.Debug|x64.Build.0 = Debug|Any CPU
		{F57CEC0F-D96E-43BF-94B8-EC57F823CC51}.Debug|x86.ActiveCfg = Debug|Any CPU
		{F57CEC0F-D96E-43BF-94B8-EC57F823CC51}.Debug|x86.Build.0 = Debug|Any CPU
		{F57CEC0F-D96E-43BF-94B8-EC57F823CC51}.Release|Any CPU.ActiveCfg = Release|Any CPU
		{F57CEC0F-D96E-43BF-94B8-EC57F823CC51}.Release|Any CPU.Build.0 = Release|Any CPU
		{F57CEC0F-D96E-43BF-94B8-EC57F823CC51}.Release|ARM.ActiveCfg = Release|Any CPU
		{F57CEC0F-D96E-43BF-94B8-EC57F823CC51}.Release|ARM.Build.0 = Release|Any CPU
		{F57CEC0F-D96E-43BF-94B8-EC57F823CC51}.Release|ARM64.ActiveCfg = Release|Any CPU
		{F57CEC0F-D96E-43BF-94B8-EC57F823CC51}.Release|ARM64.Build.0 = Release|Any CPU
		{F57CEC0F-D96E-43BF-94B8-EC57F823CC51}.Release|iPhone.ActiveCfg = Release|Any CPU
		{F57CEC0F-D96E-43BF-94B8-EC57F823CC51}.Release|iPhone.Build.0 = Release|Any CPU
		{F57CEC0F-D96E-43BF-94B8-EC57F823CC51}.Release|iPhoneSimulator.ActiveCfg = Release|Any CPU
		{F57CEC0F-D96E-43BF-94B8-EC57F823CC51}.Release|iPhoneSimulator.Build.0 = Release|Any CPU
		{F57CEC0F-D96E-43BF-94B8-EC57F823CC51}.Release|x64.ActiveCfg = Release|Any CPU
		{F57CEC0F-D96E-43BF-94B8-EC57F823CC51}.Release|x64.Build.0 = Release|Any CPU
		{F57CEC0F-D96E-43BF-94B8-EC57F823CC51}.Release|x86.ActiveCfg = Release|Any CPU
		{F57CEC0F-D96E-43BF-94B8-EC57F823CC51}.Release|x86.Build.0 = Release|Any CPU
	EndGlobalSection
	GlobalSection(SolutionProperties) = preSolution
		HideSolutionNode = FALSE
	EndGlobalSection
	GlobalSection(NestedProjects) = preSolution
		{4CF34D1C-662C-400D-BEAF-E87CE1D08FAB} = {E5A1A7EF-50EA-4E0A-B8A5-23D8B5819351}
		{2C90EE6D-52E3-4BA0-92D4-8162800F698D} = {E5A1A7EF-50EA-4E0A-B8A5-23D8B5819351}
		{F2B871B8-829F-4EF4-99A4-AB2FC9EEDA5E} = {1A3E4166-A0D7-4A5F-8AEF-C20F24B31708}
		{F99585D5-1C22-4206-AA0E-7B08B97997B6} = {1A3E4166-A0D7-4A5F-8AEF-C20F24B31708}
		{E31E77D5-D5D5-4639-9F84-F2C9F59C2C8A} = {E5A1A7EF-50EA-4E0A-B8A5-23D8B5819351}
		{AE1AD846-9BED-493D-9A4B-1F78BD7EE06A} = {1A3E4166-A0D7-4A5F-8AEF-C20F24B31708}
		{9AD93704-ED70-45BE-8C51-8458AA7EA589} = {1A3E4166-A0D7-4A5F-8AEF-C20F24B31708}
		{18A8F892-730A-489C-9803-BCD9E2B67E6E} = {E5A1A7EF-50EA-4E0A-B8A5-23D8B5819351}
		{A55C4940-BF6E-4D92-A8FE-D2425A29EE26} = {E5A1A7EF-50EA-4E0A-B8A5-23D8B5819351}
		{75D6E5CD-5CE7-47B9-A7D4-78FF3C67E52E} = {1A3E4166-A0D7-4A5F-8AEF-C20F24B31708}
		{46311A3A-68B2-4697-A766-27CEAF066BC8} = {1A3E4166-A0D7-4A5F-8AEF-C20F24B31708}
		{5AA10527-6EB1-4C0C-BC78-1BD60F646FB5} = {E5A1A7EF-50EA-4E0A-B8A5-23D8B5819351}
		{C51ECCD1-6360-4775-B258-7DD9C369022D} = {1A3E4166-A0D7-4A5F-8AEF-C20F24B31708}
		{EAD68BE2-6108-41A2-882B-D7A8D2CC12C2} = {1A3E4166-A0D7-4A5F-8AEF-C20F24B31708}
		{38EECE43-BF64-4060-B033-D2D43A3D7AC1} = {1A3E4166-A0D7-4A5F-8AEF-C20F24B31708}
		{63E9727D-5A71-431E-9A9F-AD3CBBB40D03} = {1A3E4166-A0D7-4A5F-8AEF-C20F24B31708}
		{F57CEC0F-D96E-43BF-94B8-EC57F823CC51} = {1A3E4166-A0D7-4A5F-8AEF-C20F24B31708}
	EndGlobalSection
	GlobalSection(ExtensibilityGlobals) = postSolution
		SolutionGuid = {75C1D8ED-2B9F-45BD-A6F9-97ECCF9FB3A6}
	EndGlobalSection
EndGlobal
