
Microsoft Visual Studio Solution File, Format Version 12.00
# Visual Studio Version 17
VisualStudioVersion = 17.13.35931.197 d17.13
MinimumVisualStudioVersion = 10.0.40219.1
Project("{2150E333-8FDC-42A3-9474-1A3956D46DE8}") = "Libs", "Libs", "{88A8760B-A830-4EF1-A4C0-4957F2365FA9}"
EndProject
Project("{2150E333-8FDC-42A3-9474-1A3956D46DE8}") = "Tests", "Tests", "{2CE3355A-1A9F-4DAF-8797-25D70D26D9DB}"
EndProject
Project("{2150E333-8FDC-42A3-9474-1A3956D46DE8}") = "W3CTests", "W3CTests", "{BC1B2A3E-7C7C-4E9A-9238-504CDF459385}"
EndProject
Project("{FAE04EC0-301F-11D3-BF4B-00C04F79EFBC}") = "Svg.Tests.Win", "Svg.Tests.Win\Svg.Tests.Win.csproj", "{ED6AB6FC-AD44-4DFA-AFC4-B0F127B87D5E}"
EndProject
Project("{FAE04EC0-301F-11D3-BF4B-00C04F79EFBC}") = "SvgW3CTestSuite.Win", "SvgW3CTestSuite.Win\SvgW3CTestSuite.Win.csproj", "{4BDA58A2-2A71-47BC-BE7B-F27D3A2C7913}"
EndProject
Project("{9A19103F-16F7-4668-BE54-9A1E7A4F7556}") = "Svg", "Svg\Svg.csproj", "{C4DD05D5-AD71-4D37-89E5-0C2ABFA6D77E}"
EndProject
Global
	GlobalSection(SolutionConfigurationPlatforms) = preSolution
		Debug|Any CPU = Debug|Any CPU
		Debug|ARM = Debug|ARM
		Debug|iPhone = Debug|iPhone
		Debug|iPhoneSimulator = Debug|iPhoneSimulator
		Debug|x64 = Debug|x64
		Debug|x86 = Debug|x86
		Release|Any CPU = Release|Any CPU
		Release|ARM = Release|ARM
		Release|iPhone = Release|iPhone
		Release|iPhoneSimulator = Release|iPhoneSimulator
		Release|x64 = Release|x64
		Release|x86 = Release|x86
	EndGlobalSection
	GlobalSection(ProjectConfigurationPlatforms) = postSolution
		{ED6AB6FC-AD44-4DFA-AFC4-B0F127B87D5E}.Debug|Any CPU.ActiveCfg = Debug|x86
		{ED6AB6FC-AD44-4DFA-AFC4-B0F127B87D5E}.Debug|Any CPU.Build.0 = Debug|x86
		{ED6AB6FC-AD44-4DFA-AFC4-B0F127B87D5E}.Debug|ARM.ActiveCfg = Debug|Any CPU
		{ED6AB6FC-AD44-4DFA-AFC4-B0F127B87D5E}.Debug|ARM.Build.0 = Debug|Any CPU
		{ED6AB6FC-AD44-4DFA-AFC4-B0F127B87D5E}.Debug|iPhone.ActiveCfg = Debug|x86
		{ED6AB6FC-AD44-4DFA-AFC4-B0F127B87D5E}.Debug|iPhone.Build.0 = Debug|x86
		{ED6AB6FC-AD44-4DFA-AFC4-B0F127B87D5E}.Debug|iPhoneSimulator.ActiveCfg = Debug|x86
		{ED6AB6FC-AD44-4DFA-AFC4-B0F127B87D5E}.Debug|iPhoneSimulator.Build.0 = Debug|x86
		{ED6AB6FC-AD44-4DFA-AFC4-B0F127B87D5E}.Debug|x64.ActiveCfg = Debug|Any CPU
		{ED6AB6FC-AD44-4DFA-AFC4-B0F127B87D5E}.Debug|x64.Build.0 = Debug|Any CPU
		{ED6AB6FC-AD44-4DFA-AFC4-B0F127B87D5E}.Debug|x86.ActiveCfg = Debug|x86
		{ED6AB6FC-AD44-4DFA-AFC4-B0F127B87D5E}.Debug|x86.Build.0 = Debug|x86
		{ED6AB6FC-AD44-4DFA-AFC4-B0F127B87D5E}.Release|Any CPU.ActiveCfg = Release|Any CPU
		{ED6AB6FC-AD44-4DFA-AFC4-B0F127B87D5E}.Release|ARM.ActiveCfg = Release|Any CPU
		{ED6AB6FC-AD44-4DFA-AFC4-B0F127B87D5E}.Release|ARM.Build.0 = Release|Any CPU
		{ED6AB6FC-AD44-4DFA-AFC4-B0F127B87D5E}.Release|iPhone.ActiveCfg = Release|Any CPU
		{ED6AB6FC-AD44-4DFA-AFC4-B0F127B87D5E}.Release|iPhone.Build.0 = Release|Any CPU
		{ED6AB6FC-AD44-4DFA-AFC4-B0F127B87D5E}.Release|iPhoneSimulator.ActiveCfg = Release|Any CPU
		{ED6AB6FC-AD44-4DFA-AFC4-B0F127B87D5E}.Release|iPhoneSimulator.Build.0 = Release|Any CPU
		{ED6AB6FC-AD44-4DFA-AFC4-B0F127B87D5E}.Release|x64.ActiveCfg = Release|Any CPU
		{ED6AB6FC-AD44-4DFA-AFC4-B0F127B87D5E}.Release|x64.Build.0 = Release|Any CPU
		{ED6AB6FC-AD44-4DFA-AFC4-B0F127B87D5E}.Release|x86.ActiveCfg = Release|x86
		{ED6AB6FC-AD44-4DFA-AFC4-B0F127B87D5E}.Release|x86.Build.0 = Release|x86
		{4BDA58A2-2A71-47BC-BE7B-F27D3A2C7913}.Debug|Any CPU.ActiveCfg = Debug|Any CPU
		{4BDA58A2-2A71-47BC-BE7B-F27D3A2C7913}.Debug|Any CPU.Build.0 = Debug|Any CPU
		{4BDA58A2-2A71-47BC-BE7B-F27D3A2C7913}.Debug|ARM.ActiveCfg = Debug|Any CPU
		{4BDA58A2-2A71-47BC-BE7B-F27D3A2C7913}.Debug|ARM.Build.0 = Debug|Any CPU
		{4BDA58A2-2A71-47BC-BE7B-F27D3A2C7913}.Debug|iPhone.ActiveCfg = Debug|Any CPU
		{4BDA58A2-2A71-47BC-BE7B-F27D3A2C7913}.Debug|iPhone.Build.0 = Debug|Any CPU
		{4BDA58A2-2A71-47BC-BE7B-F27D3A2C7913}.Debug|iPhoneSimulator.ActiveCfg = Debug|Any CPU
		{4BDA58A2-2A71-47BC-BE7B-F27D3A2C7913}.Debug|iPhoneSimulator.Build.0 = Debug|Any CPU
		{4BDA58A2-2A71-47BC-BE7B-F27D3A2C7913}.Debug|x64.ActiveCfg = Debug|Any CPU
		{4BDA58A2-2A71-47BC-BE7B-F27D3A2C7913}.Debug|x64.Build.0 = Debug|Any CPU
		{4BDA58A2-2A71-47BC-BE7B-F27D3A2C7913}.Debug|x86.ActiveCfg = Debug|Any CPU
		{4BDA58A2-2A71-47BC-BE7B-F27D3A2C7913}.Debug|x86.Build.0 = Debug|Any CPU
		{4BDA58A2-2A71-47BC-BE7B-F27D3A2C7913}.Release|Any CPU.ActiveCfg = Release|Any CPU
		{4BDA58A2-2A71-47BC-BE7B-F27D3A2C7913}.Release|ARM.ActiveCfg = Release|Any CPU
		{4BDA58A2-2A71-47BC-BE7B-F27D3A2C7913}.Release|ARM.Build.0 = Release|Any CPU
		{4BDA58A2-2A71-47BC-BE7B-F27D3A2C7913}.Release|iPhone.ActiveCfg = Release|Any CPU
		{4BDA58A2-2A71-47BC-BE7B-F27D3A2C7913}.Release|iPhone.Build.0 = Release|Any CPU
		{4BDA58A2-2A71-47BC-BE7B-F27D3A2C7913}.Release|iPhoneSimulator.ActiveCfg = Release|Any CPU
		{4BDA58A2-2A71-47BC-BE7B-F27D3A2C7913}.Release|iPhoneSimulator.Build.0 = Release|Any CPU
		{4BDA58A2-2A71-47BC-BE7B-F27D3A2C7913}.Release|x64.ActiveCfg = Release|Any CPU
		{4BDA58A2-2A71-47BC-BE7B-F27D3A2C7913}.Release|x64.Build.0 = Release|Any CPU
		{4BDA58A2-2A71-47BC-BE7B-F27D3A2C7913}.Release|x86.ActiveCfg = Release|Any CPU
		{4BDA58A2-2A71-47BC-BE7B-F27D3A2C7913}.Release|x86.Build.0 = Release|Any CPU
		{C4DD05D5-AD71-4D37-89E5-0C2ABFA6D77E}.Debug|Any CPU.ActiveCfg = Debug|Any CPU
		{C4DD05D5-AD71-4D37-89E5-0C2ABFA6D77E}.Debug|Any CPU.Build.0 = Debug|Any CPU
		{C4DD05D5-AD71-4D37-89E5-0C2ABFA6D77E}.Debug|ARM.ActiveCfg = Debug|Any CPU
		{C4DD05D5-AD71-4D37-89E5-0C2ABFA6D77E}.Debug|ARM.Build.0 = Debug|Any CPU
		{C4DD05D5-AD71-4D37-89E5-0C2ABFA6D77E}.Debug|iPhone.ActiveCfg = Debug|Any CPU
		{C4DD05D5-AD71-4D37-89E5-0C2ABFA6D77E}.Debug|iPhone.Build.0 = Debug|Any CPU
		{C4DD05D5-AD71-4D37-89E5-0C2ABFA6D77E}.Debug|iPhoneSimulator.ActiveCfg = Debug|Any CPU
		{C4DD05D5-AD71-4D37-89E5-0C2ABFA6D77E}.Debug|iPhoneSimulator.Build.0 = Debug|Any CPU
		{C4DD05D5-AD71-4D37-89E5-0C2ABFA6D77E}.Debug|x64.ActiveCfg = Debug|Any CPU
		{C4DD05D5-AD71-4D37-89E5-0C2ABFA6D77E}.Debug|x64.Build.0 = Debug|Any CPU
		{C4DD05D5-AD71-4D37-89E5-0C2ABFA6D77E}.Debug|x86.ActiveCfg = Debug|Any CPU
		{C4DD05D5-AD71-4D37-89E5-0C2ABFA6D77E}.Debug|x86.Build.0 = Debug|Any CPU
		{C4DD05D5-AD71-4D37-89E5-0C2ABFA6D77E}.Release|Any CPU.ActiveCfg = Release|Any CPU
		{C4DD05D5-AD71-4D37-89E5-0C2ABFA6D77E}.Release|Any CPU.Build.0 = Release|Any CPU
		{C4DD05D5-AD71-4D37-89E5-0C2ABFA6D77E}.Release|ARM.ActiveCfg = Release|Any CPU
		{C4DD05D5-AD71-4D37-89E5-0C2ABFA6D77E}.Release|ARM.Build.0 = Release|Any CPU
		{C4DD05D5-AD71-4D37-89E5-0C2ABFA6D77E}.Release|iPhone.ActiveCfg = Release|Any CPU
		{C4DD05D5-AD71-4D37-89E5-0C2ABFA6D77E}.Release|iPhone.Build.0 = Release|Any CPU
		{C4DD05D5-AD71-4D37-89E5-0C2ABFA6D77E}.Release|iPhoneSimulator.ActiveCfg = Release|Any CPU
		{C4DD05D5-AD71-4D37-89E5-0C2ABFA6D77E}.Release|iPhoneSimulator.Build.0 = Release|Any CPU
		{C4DD05D5-AD71-4D37-89E5-0C2ABFA6D77E}.Release|x64.ActiveCfg = Release|Any CPU
		{C4DD05D5-AD71-4D37-89E5-0C2ABFA6D77E}.Release|x64.Build.0 = Release|Any CPU
		{C4DD05D5-AD71-4D37-89E5-0C2ABFA6D77E}.Release|x86.ActiveCfg = Release|Any CPU
		{C4DD05D5-AD71-4D37-89E5-0C2ABFA6D77E}.Release|x86.Build.0 = Release|Any CPU
	EndGlobalSection
	GlobalSection(SolutionProperties) = preSolution
		HideSolutionNode = FALSE
	EndGlobalSection
	GlobalSection(NestedProjects) = preSolution
		{ED6AB6FC-AD44-4DFA-AFC4-B0F127B87D5E} = {2CE3355A-1A9F-4DAF-8797-25D70D26D9DB}
		{4BDA58A2-2A71-47BC-BE7B-F27D3A2C7913} = {BC1B2A3E-7C7C-4E9A-9238-504CDF459385}
		{C4DD05D5-AD71-4D37-89E5-0C2ABFA6D77E} = {88A8760B-A830-4EF1-A4C0-4957F2365FA9}
	EndGlobalSection
	GlobalSection(ExtensibilityGlobals) = postSolution
		SolutionGuid = {5755D712-C143-4CFB-B113-2A3CD5DA43FE}
	EndGlobalSection
EndGlobal
